
Microsoft Visual Studio Solution File, Format Version 12.00
# Visual Studio 2013
VisualStudioVersion = 12.0.31101.0
MinimumVisualStudioVersion = 10.0.40219.1
Project("{2150E333-8FDC-42A3-9474-1A3956D46DE8}") = "Solution Items", "Solution Items", "{77413567-A7ED-413F-99C2-64943CDFEE89}"
	ProjectSection(SolutionItems) = preProject
		README.md = README.md
	EndProjectSection
EndProject
Project("{FAE04EC0-301F-11D3-BF4B-00C04F79EFBC}") = "XamCross", "Shared\XamCross\XamCross.csproj", "{60FF7A97-E12C-47FF-934D-870A72403D6A}"
EndProject
Project("{2150E333-8FDC-42A3-9474-1A3956D46DE8}") = "Shared", "Shared", "{5D18C26C-9B69-43A9-8F37-0FDF2898F9EB}"
EndProject
Project("{FAE04EC0-301F-11D3-BF4B-00C04F79EFBC}") = "XamCross.Models", "Shared\XamCross.Models\XamCross.Models.csproj", "{7DC16CC2-2408-4EAC-B8A9-D6476AF3F22F}"
EndProject
Project("{FAE04EC0-301F-11D3-BF4B-00C04F79EFBC}") = "XamCross.ViewModels", "Shared\XamCross.ViewModels\XamCross.ViewModels.csproj", "{38083BD6-F85A-4BE2-AD2A-70BF868BF175}"
EndProject
Project("{2150E333-8FDC-42A3-9474-1A3956D46DE8}") = "Plugins", "Plugins", "{D79CB2AC-8C9D-4932-807D-589519125A44}"
	ProjectSection(SolutionItems) = preProject
		Plugins\README.md = Plugins\README.md
	EndProjectSection
EndProject
Project("{2150E333-8FDC-42A3-9474-1A3956D46DE8}") = "Contacts", "Contacts", "{17314BF6-827C-40FB-B517-223E91A2A5EA}"
	ProjectSection(SolutionItems) = preProject
		Plugins\Contacts\README.md = Plugins\Contacts\README.md
	EndProjectSection
EndProject
Project("{FAE04EC0-301F-11D3-BF4B-00C04F79EFBC}") = "XamCross.Plugins.Contacts", "Plugins\Contacts\XamCross.Plugins.Contacts\XamCross.Plugins.Contacts.csproj", "{56EE176C-7B1A-406E-90B9-275197DC97C0}"
EndProject
Project("{2150E333-8FDC-42A3-9474-1A3956D46DE8}") = "Samples", "Samples", "{1003C3FC-BC82-4233-B9DD-82F5E2480497}"
EndProject
Project("{FAE04EC0-301F-11D3-BF4B-00C04F79EFBC}") = "XamCross.Droid", "Samples\XamCross.Droid\XamCross.Droid.csproj", "{1F16AA4E-4952-4055-967B-13C6E0C3EEE9}"
EndProject
Project("{FAE04EC0-301F-11D3-BF4B-00C04F79EFBC}") = "XamCross.Plugins.Contacts.Droid", "Plugins\Contacts\XamCross.Plugins.Contacts.Droid\XamCross.Plugins.Contacts.Droid.csproj", "{8953B930-2C6A-4630-AD32-35FCBE4E5532}"
EndProject
Project("{FAE04EC0-301F-11D3-BF4B-00C04F79EFBC}") = "XamCross.Touch", "Samples\XamCross.Touch\XamCross.Touch.csproj", "{1DDA01FC-9738-466F-B296-839B9095DF57}"
EndProject
Project("{FAE04EC0-301F-11D3-BF4B-00C04F79EFBC}") = "XamCross.Plugins.Contacts.WindowsPhoneStore", "Plugins\Contacts\XamCross.Plugins.Contacts.WindowsPhoneStore\XamCross.Plugins.Contacts.WindowsPhoneStore.csproj", "{17D5AACC-EFF0-4D9B-83F4-1814331C76BB}"
EndProject
Project("{FAE04EC0-301F-11D3-BF4B-00C04F79EFBC}") = "XamCross.Plugins.Contacts.Touch", "Plugins\Contacts\XamCross.Plugins.Contacts.Touch\XamCross.Plugins.Contacts.Touch.csproj", "{2B875FB9-DE2D-41D2-8C0E-A95D02A5116E}"
EndProject
Project("{FAE04EC0-301F-11D3-BF4B-00C04F79EFBC}") = "XamCross.Phone", "Samples\XamCross.Phone\XamCross.Phone.csproj", "{47A975AE-726E-4EE6-A39F-002CB0BC4896}"
EndProject
Project("{2150E333-8FDC-42A3-9474-1A3956D46DE8}") = "Dialogs", "Dialogs", "{14D4F2C9-7383-425B-A729-2475FD5CECB1}"
	ProjectSection(SolutionItems) = preProject
		Plugins\Dialogs\README.md = Plugins\Dialogs\README.md
	EndProjectSection
EndProject
Project("{2150E333-8FDC-42A3-9474-1A3956D46DE8}") = "Settings", "Settings", "{FF1AD5E2-07D2-4A3E-8ED5-45C9F445B80A}"
	ProjectSection(SolutionItems) = preProject
		Plugins\Settings\README.md = Plugins\Settings\README.md
	EndProjectSection
EndProject
Project("{FAE04EC0-301F-11D3-BF4B-00C04F79EFBC}") = "XamCross.Plugins.Dialogs", "Plugins\Dialogs\XamCross.Plugins.Dialogs\XamCross.Plugins.Dialogs.csproj", "{922566F5-9ACC-4968-8FDB-BA131CEDB324}"
EndProject
Project("{FAE04EC0-301F-11D3-BF4B-00C04F79EFBC}") = "XamCross.Plugins.Settings", "Plugins\Settings\XamCross.Plugins.Settings\XamCross.Plugins.Settings.csproj", "{89A30C9D-AF8C-4352-8E78-42FF556696A8}"
EndProject
Project("{2150E333-8FDC-42A3-9474-1A3956D46DE8}") = "Dispatcher", "Dispatcher", "{25FD1ADD-BA45-4957-AB80-A1208D76FDE3}"
	ProjectSection(SolutionItems) = preProject
		Plugins\Dispatcher\README.md = Plugins\Dispatcher\README.md
	EndProjectSection
EndProject
Project("{FAE04EC0-301F-11D3-BF4B-00C04F79EFBC}") = "XamCross.Plugins.Dispatcher", "Plugins\Dispatcher\XamCross.Plugins.Dispatcher\XamCross.Plugins.Dispatcher.csproj", "{EB059A15-32E9-49B4-8C57-B7E56115EC98}"
EndProject
Project("{FAE04EC0-301F-11D3-BF4B-00C04F79EFBC}") = "XamCross.Plugins.Dispatcher.Droid", "Plugins\Dispatcher\XamCross.Plugins.Dispatcher.Droid\XamCross.Plugins.Dispatcher.Droid.csproj", "{E18CD5B5-0D7A-43E1-8008-128ADD701E5F}"
EndProject
Project("{FAE04EC0-301F-11D3-BF4B-00C04F79EFBC}") = "XamCross.Plugins.Dispatcher.Touch", "Plugins\Dispatcher\XamCross.Plugins.Dispatcher.Touch\XamCross.Plugins.Dispatcher.Touch.csproj", "{90E6B4A3-714F-4104-B1FE-9A8160E030E3}"
EndProject
Project("{FAE04EC0-301F-11D3-BF4B-00C04F79EFBC}") = "XamCross.Plugins.Dispatcher.WindowsPhoneStore", "Plugins\Dispatcher\XamCross.Plugins.Dispatcher.WindowsPhoneStore\XamCross.Plugins.Dispatcher.WindowsPhoneStore.csproj", "{DB7F1199-F8EB-491C-BD85-2123C3F16590}"
EndProject
Project("{FAE04EC0-301F-11D3-BF4B-00C04F79EFBC}") = "XamCross.Plugins.Dialogs.Droid", "Plugins\Dialogs\XamCross.Plugins.Dialogs.Droid\XamCross.Plugins.Dialogs.Droid.csproj", "{13CB3A67-2268-4763-B260-5E00A7D6334E}"
EndProject
Project("{FAE04EC0-301F-11D3-BF4B-00C04F79EFBC}") = "XamCross.Plugins.Dialogs.Touch", "Plugins\Dialogs\XamCross.Plugins.Dialogs.Touch\XamCross.Plugins.Dialogs.Touch.csproj", "{A2E19BE2-974C-450A-88AB-461B5910A472}"
EndProject
Project("{FAE04EC0-301F-11D3-BF4B-00C04F79EFBC}") = "XamCross.Plugins.Dialogs.WindowsPhoneStore", "Plugins\Dialogs\XamCross.Plugins.Dialogs.WindowsPhoneStore\XamCross.Plugins.Dialogs.WindowsPhoneStore.csproj", "{9614AE57-E3FC-4EF2-8D7B-6BBD58407D2C}"
EndProject
Project("{FAE04EC0-301F-11D3-BF4B-00C04F79EFBC}") = "XamCross.Plugins.Settings.Droid", "Plugins\Settings\XamCross.Plugins.Settings.Droid\XamCross.Plugins.Settings.Droid.csproj", "{FA429D93-8494-40A1-B585-C287779E4C8C}"
EndProject
Project("{FAE04EC0-301F-11D3-BF4B-00C04F79EFBC}") = "XamCross.Plugins.Settings.Touch", "Plugins\Settings\XamCross.Plugins.Settings.Touch\XamCross.Plugins.Settings.Touch.csproj", "{BEE93C2A-32DE-4B86-A026-A7E31248E0AD}"
EndProject
Project("{FAE04EC0-301F-11D3-BF4B-00C04F79EFBC}") = "XamCross.Plugins.Settings.WindowsPhoneStore", "Plugins\Settings\XamCross.Plugins.Settings.WindowsPhoneStore\XamCross.Plugins.Settings.WindowsPhoneStore.csproj", "{064A73E2-B032-4639-A1FF-87A72DC0711A}"
EndProject
Global
	GlobalSection(SolutionConfigurationPlatforms) = preSolution
		Ad-Hoc|Any CPU = Ad-Hoc|Any CPU
		Ad-Hoc|ARM = Ad-Hoc|ARM
		Ad-Hoc|iPhone = Ad-Hoc|iPhone
		Ad-Hoc|iPhoneSimulator = Ad-Hoc|iPhoneSimulator
		Ad-Hoc|Mixed Platforms = Ad-Hoc|Mixed Platforms
		Ad-Hoc|x86 = Ad-Hoc|x86
		AppStore|Any CPU = AppStore|Any CPU
		AppStore|ARM = AppStore|ARM
		AppStore|iPhone = AppStore|iPhone
		AppStore|iPhoneSimulator = AppStore|iPhoneSimulator
		AppStore|Mixed Platforms = AppStore|Mixed Platforms
		AppStore|x86 = AppStore|x86
		Debug|Any CPU = Debug|Any CPU
		Debug|ARM = Debug|ARM
		Debug|iPhone = Debug|iPhone
		Debug|iPhoneSimulator = Debug|iPhoneSimulator
		Debug|Mixed Platforms = Debug|Mixed Platforms
		Debug|x86 = Debug|x86
		Release|Any CPU = Release|Any CPU
		Release|ARM = Release|ARM
		Release|iPhone = Release|iPhone
		Release|iPhoneSimulator = Release|iPhoneSimulator
		Release|Mixed Platforms = Release|Mixed Platforms
		Release|x86 = Release|x86
	EndGlobalSection
	GlobalSection(ProjectConfigurationPlatforms) = postSolution
		{60FF7A97-E12C-47FF-934D-870A72403D6A}.Ad-Hoc|Any CPU.ActiveCfg = Release|Any CPU
		{60FF7A97-E12C-47FF-934D-870A72403D6A}.Ad-Hoc|Any CPU.Build.0 = Release|Any CPU
		{60FF7A97-E12C-47FF-934D-870A72403D6A}.Ad-Hoc|ARM.ActiveCfg = Release|Any CPU
		{60FF7A97-E12C-47FF-934D-870A72403D6A}.Ad-Hoc|iPhone.ActiveCfg = Release|Any CPU
		{60FF7A97-E12C-47FF-934D-870A72403D6A}.Ad-Hoc|iPhoneSimulator.ActiveCfg = Release|Any CPU
		{60FF7A97-E12C-47FF-934D-870A72403D6A}.Ad-Hoc|Mixed Platforms.ActiveCfg = Release|Any CPU
		{60FF7A97-E12C-47FF-934D-870A72403D6A}.Ad-Hoc|Mixed Platforms.Build.0 = Release|Any CPU
		{60FF7A97-E12C-47FF-934D-870A72403D6A}.Ad-Hoc|x86.ActiveCfg = Release|Any CPU
		{60FF7A97-E12C-47FF-934D-870A72403D6A}.AppStore|Any CPU.ActiveCfg = Release|Any CPU
		{60FF7A97-E12C-47FF-934D-870A72403D6A}.AppStore|Any CPU.Build.0 = Release|Any CPU
		{60FF7A97-E12C-47FF-934D-870A72403D6A}.AppStore|ARM.ActiveCfg = Release|Any CPU
		{60FF7A97-E12C-47FF-934D-870A72403D6A}.AppStore|iPhone.ActiveCfg = Release|Any CPU
		{60FF7A97-E12C-47FF-934D-870A72403D6A}.AppStore|iPhoneSimulator.ActiveCfg = Release|Any CPU
		{60FF7A97-E12C-47FF-934D-870A72403D6A}.AppStore|Mixed Platforms.ActiveCfg = Release|Any CPU
		{60FF7A97-E12C-47FF-934D-870A72403D6A}.AppStore|Mixed Platforms.Build.0 = Release|Any CPU
		{60FF7A97-E12C-47FF-934D-870A72403D6A}.AppStore|x86.ActiveCfg = Release|Any CPU
		{60FF7A97-E12C-47FF-934D-870A72403D6A}.Debug|Any CPU.ActiveCfg = Debug|Any CPU
		{60FF7A97-E12C-47FF-934D-870A72403D6A}.Debug|Any CPU.Build.0 = Debug|Any CPU
		{60FF7A97-E12C-47FF-934D-870A72403D6A}.Debug|ARM.ActiveCfg = Debug|Any CPU
		{60FF7A97-E12C-47FF-934D-870A72403D6A}.Debug|iPhone.ActiveCfg = Debug|Any CPU
		{60FF7A97-E12C-47FF-934D-870A72403D6A}.Debug|iPhoneSimulator.ActiveCfg = Debug|Any CPU
		{60FF7A97-E12C-47FF-934D-870A72403D6A}.Debug|Mixed Platforms.ActiveCfg = Debug|Any CPU
		{60FF7A97-E12C-47FF-934D-870A72403D6A}.Debug|Mixed Platforms.Build.0 = Debug|Any CPU
		{60FF7A97-E12C-47FF-934D-870A72403D6A}.Debug|x86.ActiveCfg = Debug|Any CPU
		{60FF7A97-E12C-47FF-934D-870A72403D6A}.Release|Any CPU.ActiveCfg = Release|Any CPU
		{60FF7A97-E12C-47FF-934D-870A72403D6A}.Release|Any CPU.Build.0 = Release|Any CPU
		{60FF7A97-E12C-47FF-934D-870A72403D6A}.Release|ARM.ActiveCfg = Release|Any CPU
		{60FF7A97-E12C-47FF-934D-870A72403D6A}.Release|iPhone.ActiveCfg = Release|Any CPU
		{60FF7A97-E12C-47FF-934D-870A72403D6A}.Release|iPhoneSimulator.ActiveCfg = Release|Any CPU
		{60FF7A97-E12C-47FF-934D-870A72403D6A}.Release|Mixed Platforms.ActiveCfg = Release|Any CPU
		{60FF7A97-E12C-47FF-934D-870A72403D6A}.Release|Mixed Platforms.Build.0 = Release|Any CPU
		{60FF7A97-E12C-47FF-934D-870A72403D6A}.Release|x86.ActiveCfg = Release|Any CPU
		{7DC16CC2-2408-4EAC-B8A9-D6476AF3F22F}.Ad-Hoc|Any CPU.ActiveCfg = Release|Any CPU
		{7DC16CC2-2408-4EAC-B8A9-D6476AF3F22F}.Ad-Hoc|Any CPU.Build.0 = Release|Any CPU
		{7DC16CC2-2408-4EAC-B8A9-D6476AF3F22F}.Ad-Hoc|ARM.ActiveCfg = Release|Any CPU
		{7DC16CC2-2408-4EAC-B8A9-D6476AF3F22F}.Ad-Hoc|iPhone.ActiveCfg = Release|Any CPU
		{7DC16CC2-2408-4EAC-B8A9-D6476AF3F22F}.Ad-Hoc|iPhoneSimulator.ActiveCfg = Release|Any CPU
		{7DC16CC2-2408-4EAC-B8A9-D6476AF3F22F}.Ad-Hoc|Mixed Platforms.ActiveCfg = Release|Any CPU
		{7DC16CC2-2408-4EAC-B8A9-D6476AF3F22F}.Ad-Hoc|Mixed Platforms.Build.0 = Release|Any CPU
		{7DC16CC2-2408-4EAC-B8A9-D6476AF3F22F}.Ad-Hoc|x86.ActiveCfg = Release|Any CPU
		{7DC16CC2-2408-4EAC-B8A9-D6476AF3F22F}.AppStore|Any CPU.ActiveCfg = Release|Any CPU
		{7DC16CC2-2408-4EAC-B8A9-D6476AF3F22F}.AppStore|Any CPU.Build.0 = Release|Any CPU
		{7DC16CC2-2408-4EAC-B8A9-D6476AF3F22F}.AppStore|ARM.ActiveCfg = Release|Any CPU
		{7DC16CC2-2408-4EAC-B8A9-D6476AF3F22F}.AppStore|iPhone.ActiveCfg = Release|Any CPU
		{7DC16CC2-2408-4EAC-B8A9-D6476AF3F22F}.AppStore|iPhoneSimulator.ActiveCfg = Release|Any CPU
		{7DC16CC2-2408-4EAC-B8A9-D6476AF3F22F}.AppStore|Mixed Platforms.ActiveCfg = Release|Any CPU
		{7DC16CC2-2408-4EAC-B8A9-D6476AF3F22F}.AppStore|Mixed Platforms.Build.0 = Release|Any CPU
		{7DC16CC2-2408-4EAC-B8A9-D6476AF3F22F}.AppStore|x86.ActiveCfg = Release|Any CPU
		{7DC16CC2-2408-4EAC-B8A9-D6476AF3F22F}.Debug|Any CPU.ActiveCfg = Debug|Any CPU
		{7DC16CC2-2408-4EAC-B8A9-D6476AF3F22F}.Debug|Any CPU.Build.0 = Debug|Any CPU
		{7DC16CC2-2408-4EAC-B8A9-D6476AF3F22F}.Debug|ARM.ActiveCfg = Debug|Any CPU
		{7DC16CC2-2408-4EAC-B8A9-D6476AF3F22F}.Debug|iPhone.ActiveCfg = Debug|Any CPU
		{7DC16CC2-2408-4EAC-B8A9-D6476AF3F22F}.Debug|iPhoneSimulator.ActiveCfg = Debug|Any CPU
		{7DC16CC2-2408-4EAC-B8A9-D6476AF3F22F}.Debug|Mixed Platforms.ActiveCfg = Debug|Any CPU
		{7DC16CC2-2408-4EAC-B8A9-D6476AF3F22F}.Debug|Mixed Platforms.Build.0 = Debug|Any CPU
		{7DC16CC2-2408-4EAC-B8A9-D6476AF3F22F}.Debug|x86.ActiveCfg = Debug|Any CPU
		{7DC16CC2-2408-4EAC-B8A9-D6476AF3F22F}.Release|Any CPU.ActiveCfg = Release|Any CPU
		{7DC16CC2-2408-4EAC-B8A9-D6476AF3F22F}.Release|Any CPU.Build.0 = Release|Any CPU
		{7DC16CC2-2408-4EAC-B8A9-D6476AF3F22F}.Release|ARM.ActiveCfg = Release|Any CPU
		{7DC16CC2-2408-4EAC-B8A9-D6476AF3F22F}.Release|iPhone.ActiveCfg = Release|Any CPU
		{7DC16CC2-2408-4EAC-B8A9-D6476AF3F22F}.Release|iPhoneSimulator.ActiveCfg = Release|Any CPU
		{7DC16CC2-2408-4EAC-B8A9-D6476AF3F22F}.Release|Mixed Platforms.ActiveCfg = Release|Any CPU
		{7DC16CC2-2408-4EAC-B8A9-D6476AF3F22F}.Release|Mixed Platforms.Build.0 = Release|Any CPU
		{7DC16CC2-2408-4EAC-B8A9-D6476AF3F22F}.Release|x86.ActiveCfg = Release|Any CPU
		{38083BD6-F85A-4BE2-AD2A-70BF868BF175}.Ad-Hoc|Any CPU.ActiveCfg = Release|Any CPU
		{38083BD6-F85A-4BE2-AD2A-70BF868BF175}.Ad-Hoc|Any CPU.Build.0 = Release|Any CPU
		{38083BD6-F85A-4BE2-AD2A-70BF868BF175}.Ad-Hoc|ARM.ActiveCfg = Release|Any CPU
		{38083BD6-F85A-4BE2-AD2A-70BF868BF175}.Ad-Hoc|iPhone.ActiveCfg = Release|Any CPU
		{38083BD6-F85A-4BE2-AD2A-70BF868BF175}.Ad-Hoc|iPhoneSimulator.ActiveCfg = Release|Any CPU
		{38083BD6-F85A-4BE2-AD2A-70BF868BF175}.Ad-Hoc|Mixed Platforms.ActiveCfg = Release|Any CPU
		{38083BD6-F85A-4BE2-AD2A-70BF868BF175}.Ad-Hoc|Mixed Platforms.Build.0 = Release|Any CPU
		{38083BD6-F85A-4BE2-AD2A-70BF868BF175}.Ad-Hoc|x86.ActiveCfg = Release|Any CPU
		{38083BD6-F85A-4BE2-AD2A-70BF868BF175}.AppStore|Any CPU.ActiveCfg = Release|Any CPU
		{38083BD6-F85A-4BE2-AD2A-70BF868BF175}.AppStore|Any CPU.Build.0 = Release|Any CPU
		{38083BD6-F85A-4BE2-AD2A-70BF868BF175}.AppStore|ARM.ActiveCfg = Release|Any CPU
		{38083BD6-F85A-4BE2-AD2A-70BF868BF175}.AppStore|iPhone.ActiveCfg = Release|Any CPU
		{38083BD6-F85A-4BE2-AD2A-70BF868BF175}.AppStore|iPhoneSimulator.ActiveCfg = Release|Any CPU
		{38083BD6-F85A-4BE2-AD2A-70BF868BF175}.AppStore|Mixed Platforms.ActiveCfg = Release|Any CPU
		{38083BD6-F85A-4BE2-AD2A-70BF868BF175}.AppStore|Mixed Platforms.Build.0 = Release|Any CPU
		{38083BD6-F85A-4BE2-AD2A-70BF868BF175}.AppStore|x86.ActiveCfg = Release|Any CPU
		{38083BD6-F85A-4BE2-AD2A-70BF868BF175}.Debug|Any CPU.ActiveCfg = Debug|Any CPU
		{38083BD6-F85A-4BE2-AD2A-70BF868BF175}.Debug|Any CPU.Build.0 = Debug|Any CPU
		{38083BD6-F85A-4BE2-AD2A-70BF868BF175}.Debug|ARM.ActiveCfg = Debug|Any CPU
		{38083BD6-F85A-4BE2-AD2A-70BF868BF175}.Debug|iPhone.ActiveCfg = Debug|Any CPU
		{38083BD6-F85A-4BE2-AD2A-70BF868BF175}.Debug|iPhoneSimulator.ActiveCfg = Debug|Any CPU
		{38083BD6-F85A-4BE2-AD2A-70BF868BF175}.Debug|Mixed Platforms.ActiveCfg = Debug|Any CPU
		{38083BD6-F85A-4BE2-AD2A-70BF868BF175}.Debug|Mixed Platforms.Build.0 = Debug|Any CPU
		{38083BD6-F85A-4BE2-AD2A-70BF868BF175}.Debug|x86.ActiveCfg = Debug|Any CPU
		{38083BD6-F85A-4BE2-AD2A-70BF868BF175}.Release|Any CPU.ActiveCfg = Release|Any CPU
		{38083BD6-F85A-4BE2-AD2A-70BF868BF175}.Release|Any CPU.Build.0 = Release|Any CPU
		{38083BD6-F85A-4BE2-AD2A-70BF868BF175}.Release|ARM.ActiveCfg = Release|Any CPU
		{38083BD6-F85A-4BE2-AD2A-70BF868BF175}.Release|iPhone.ActiveCfg = Release|Any CPU
		{38083BD6-F85A-4BE2-AD2A-70BF868BF175}.Release|iPhoneSimulator.ActiveCfg = Release|Any CPU
		{38083BD6-F85A-4BE2-AD2A-70BF868BF175}.Release|Mixed Platforms.ActiveCfg = Release|Any CPU
		{38083BD6-F85A-4BE2-AD2A-70BF868BF175}.Release|Mixed Platforms.Build.0 = Release|Any CPU
		{38083BD6-F85A-4BE2-AD2A-70BF868BF175}.Release|x86.ActiveCfg = Release|Any CPU
		{56EE176C-7B1A-406E-90B9-275197DC97C0}.Ad-Hoc|Any CPU.ActiveCfg = Release|Any CPU
		{56EE176C-7B1A-406E-90B9-275197DC97C0}.Ad-Hoc|Any CPU.Build.0 = Release|Any CPU
		{56EE176C-7B1A-406E-90B9-275197DC97C0}.Ad-Hoc|ARM.ActiveCfg = Release|Any CPU
		{56EE176C-7B1A-406E-90B9-275197DC97C0}.Ad-Hoc|iPhone.ActiveCfg = Release|Any CPU
		{56EE176C-7B1A-406E-90B9-275197DC97C0}.Ad-Hoc|iPhoneSimulator.ActiveCfg = Release|Any CPU
		{56EE176C-7B1A-406E-90B9-275197DC97C0}.Ad-Hoc|Mixed Platforms.ActiveCfg = Release|Any CPU
		{56EE176C-7B1A-406E-90B9-275197DC97C0}.Ad-Hoc|Mixed Platforms.Build.0 = Release|Any CPU
		{56EE176C-7B1A-406E-90B9-275197DC97C0}.Ad-Hoc|x86.ActiveCfg = Release|Any CPU
		{56EE176C-7B1A-406E-90B9-275197DC97C0}.AppStore|Any CPU.ActiveCfg = Release|Any CPU
		{56EE176C-7B1A-406E-90B9-275197DC97C0}.AppStore|Any CPU.Build.0 = Release|Any CPU
		{56EE176C-7B1A-406E-90B9-275197DC97C0}.AppStore|ARM.ActiveCfg = Release|Any CPU
		{56EE176C-7B1A-406E-90B9-275197DC97C0}.AppStore|iPhone.ActiveCfg = Release|Any CPU
		{56EE176C-7B1A-406E-90B9-275197DC97C0}.AppStore|iPhoneSimulator.ActiveCfg = Release|Any CPU
		{56EE176C-7B1A-406E-90B9-275197DC97C0}.AppStore|Mixed Platforms.ActiveCfg = Release|Any CPU
		{56EE176C-7B1A-406E-90B9-275197DC97C0}.AppStore|Mixed Platforms.Build.0 = Release|Any CPU
		{56EE176C-7B1A-406E-90B9-275197DC97C0}.AppStore|x86.ActiveCfg = Release|Any CPU
		{56EE176C-7B1A-406E-90B9-275197DC97C0}.Debug|Any CPU.ActiveCfg = Debug|Any CPU
		{56EE176C-7B1A-406E-90B9-275197DC97C0}.Debug|Any CPU.Build.0 = Debug|Any CPU
		{56EE176C-7B1A-406E-90B9-275197DC97C0}.Debug|ARM.ActiveCfg = Debug|Any CPU
		{56EE176C-7B1A-406E-90B9-275197DC97C0}.Debug|iPhone.ActiveCfg = Debug|Any CPU
		{56EE176C-7B1A-406E-90B9-275197DC97C0}.Debug|iPhoneSimulator.ActiveCfg = Debug|Any CPU
		{56EE176C-7B1A-406E-90B9-275197DC97C0}.Debug|Mixed Platforms.ActiveCfg = Debug|Any CPU
		{56EE176C-7B1A-406E-90B9-275197DC97C0}.Debug|Mixed Platforms.Build.0 = Debug|Any CPU
		{56EE176C-7B1A-406E-90B9-275197DC97C0}.Debug|x86.ActiveCfg = Debug|Any CPU
		{56EE176C-7B1A-406E-90B9-275197DC97C0}.Release|Any CPU.ActiveCfg = Release|Any CPU
		{56EE176C-7B1A-406E-90B9-275197DC97C0}.Release|Any CPU.Build.0 = Release|Any CPU
		{56EE176C-7B1A-406E-90B9-275197DC97C0}.Release|ARM.ActiveCfg = Release|Any CPU
		{56EE176C-7B1A-406E-90B9-275197DC97C0}.Release|iPhone.ActiveCfg = Release|Any CPU
		{56EE176C-7B1A-406E-90B9-275197DC97C0}.Release|iPhoneSimulator.ActiveCfg = Release|Any CPU
		{56EE176C-7B1A-406E-90B9-275197DC97C0}.Release|Mixed Platforms.ActiveCfg = Release|Any CPU
		{56EE176C-7B1A-406E-90B9-275197DC97C0}.Release|Mixed Platforms.Build.0 = Release|Any CPU
		{56EE176C-7B1A-406E-90B9-275197DC97C0}.Release|x86.ActiveCfg = Release|Any CPU
		{1F16AA4E-4952-4055-967B-13C6E0C3EEE9}.Ad-Hoc|Any CPU.ActiveCfg = Release|Any CPU
		{1F16AA4E-4952-4055-967B-13C6E0C3EEE9}.Ad-Hoc|Any CPU.Build.0 = Release|Any CPU
		{1F16AA4E-4952-4055-967B-13C6E0C3EEE9}.Ad-Hoc|Any CPU.Deploy.0 = Release|Any CPU
		{1F16AA4E-4952-4055-967B-13C6E0C3EEE9}.Ad-Hoc|ARM.ActiveCfg = Release|Any CPU
		{1F16AA4E-4952-4055-967B-13C6E0C3EEE9}.Ad-Hoc|iPhone.ActiveCfg = Release|Any CPU
		{1F16AA4E-4952-4055-967B-13C6E0C3EEE9}.Ad-Hoc|iPhoneSimulator.ActiveCfg = Release|Any CPU
		{1F16AA4E-4952-4055-967B-13C6E0C3EEE9}.Ad-Hoc|Mixed Platforms.ActiveCfg = Release|Any CPU
		{1F16AA4E-4952-4055-967B-13C6E0C3EEE9}.Ad-Hoc|Mixed Platforms.Build.0 = Release|Any CPU
		{1F16AA4E-4952-4055-967B-13C6E0C3EEE9}.Ad-Hoc|Mixed Platforms.Deploy.0 = Release|Any CPU
		{1F16AA4E-4952-4055-967B-13C6E0C3EEE9}.Ad-Hoc|x86.ActiveCfg = Release|Any CPU
		{1F16AA4E-4952-4055-967B-13C6E0C3EEE9}.AppStore|Any CPU.ActiveCfg = Release|Any CPU
		{1F16AA4E-4952-4055-967B-13C6E0C3EEE9}.AppStore|Any CPU.Build.0 = Release|Any CPU
		{1F16AA4E-4952-4055-967B-13C6E0C3EEE9}.AppStore|Any CPU.Deploy.0 = Release|Any CPU
		{1F16AA4E-4952-4055-967B-13C6E0C3EEE9}.AppStore|ARM.ActiveCfg = Release|Any CPU
		{1F16AA4E-4952-4055-967B-13C6E0C3EEE9}.AppStore|iPhone.ActiveCfg = Release|Any CPU
		{1F16AA4E-4952-4055-967B-13C6E0C3EEE9}.AppStore|iPhoneSimulator.ActiveCfg = Release|Any CPU
		{1F16AA4E-4952-4055-967B-13C6E0C3EEE9}.AppStore|Mixed Platforms.ActiveCfg = Release|Any CPU
		{1F16AA4E-4952-4055-967B-13C6E0C3EEE9}.AppStore|Mixed Platforms.Build.0 = Release|Any CPU
		{1F16AA4E-4952-4055-967B-13C6E0C3EEE9}.AppStore|Mixed Platforms.Deploy.0 = Release|Any CPU
		{1F16AA4E-4952-4055-967B-13C6E0C3EEE9}.AppStore|x86.ActiveCfg = Release|Any CPU
		{1F16AA4E-4952-4055-967B-13C6E0C3EEE9}.Debug|Any CPU.ActiveCfg = Debug|Any CPU
		{1F16AA4E-4952-4055-967B-13C6E0C3EEE9}.Debug|Any CPU.Build.0 = Debug|Any CPU
		{1F16AA4E-4952-4055-967B-13C6E0C3EEE9}.Debug|Any CPU.Deploy.0 = Debug|Any CPU
		{1F16AA4E-4952-4055-967B-13C6E0C3EEE9}.Debug|ARM.ActiveCfg = Debug|Any CPU
		{1F16AA4E-4952-4055-967B-13C6E0C3EEE9}.Debug|iPhone.ActiveCfg = Debug|Any CPU
		{1F16AA4E-4952-4055-967B-13C6E0C3EEE9}.Debug|iPhoneSimulator.ActiveCfg = Debug|Any CPU
		{1F16AA4E-4952-4055-967B-13C6E0C3EEE9}.Debug|Mixed Platforms.ActiveCfg = Debug|Any CPU
		{1F16AA4E-4952-4055-967B-13C6E0C3EEE9}.Debug|Mixed Platforms.Build.0 = Debug|Any CPU
		{1F16AA4E-4952-4055-967B-13C6E0C3EEE9}.Debug|Mixed Platforms.Deploy.0 = Debug|Any CPU
		{1F16AA4E-4952-4055-967B-13C6E0C3EEE9}.Debug|x86.ActiveCfg = Debug|Any CPU
		{1F16AA4E-4952-4055-967B-13C6E0C3EEE9}.Release|Any CPU.ActiveCfg = Release|Any CPU
		{1F16AA4E-4952-4055-967B-13C6E0C3EEE9}.Release|Any CPU.Build.0 = Release|Any CPU
		{1F16AA4E-4952-4055-967B-13C6E0C3EEE9}.Release|Any CPU.Deploy.0 = Release|Any CPU
		{1F16AA4E-4952-4055-967B-13C6E0C3EEE9}.Release|ARM.ActiveCfg = Release|Any CPU
		{1F16AA4E-4952-4055-967B-13C6E0C3EEE9}.Release|iPhone.ActiveCfg = Release|Any CPU
		{1F16AA4E-4952-4055-967B-13C6E0C3EEE9}.Release|iPhoneSimulator.ActiveCfg = Release|Any CPU
		{1F16AA4E-4952-4055-967B-13C6E0C3EEE9}.Release|Mixed Platforms.ActiveCfg = Release|Any CPU
		{1F16AA4E-4952-4055-967B-13C6E0C3EEE9}.Release|Mixed Platforms.Build.0 = Release|Any CPU
		{1F16AA4E-4952-4055-967B-13C6E0C3EEE9}.Release|Mixed Platforms.Deploy.0 = Release|Any CPU
		{1F16AA4E-4952-4055-967B-13C6E0C3EEE9}.Release|x86.ActiveCfg = Release|Any CPU
		{8953B930-2C6A-4630-AD32-35FCBE4E5532}.Ad-Hoc|Any CPU.ActiveCfg = Release|Any CPU
		{8953B930-2C6A-4630-AD32-35FCBE4E5532}.Ad-Hoc|Any CPU.Build.0 = Release|Any CPU
		{8953B930-2C6A-4630-AD32-35FCBE4E5532}.Ad-Hoc|ARM.ActiveCfg = Release|Any CPU
		{8953B930-2C6A-4630-AD32-35FCBE4E5532}.Ad-Hoc|iPhone.ActiveCfg = Release|Any CPU
		{8953B930-2C6A-4630-AD32-35FCBE4E5532}.Ad-Hoc|iPhoneSimulator.ActiveCfg = Release|Any CPU
		{8953B930-2C6A-4630-AD32-35FCBE4E5532}.Ad-Hoc|Mixed Platforms.ActiveCfg = Release|Any CPU
		{8953B930-2C6A-4630-AD32-35FCBE4E5532}.Ad-Hoc|Mixed Platforms.Build.0 = Release|Any CPU
		{8953B930-2C6A-4630-AD32-35FCBE4E5532}.Ad-Hoc|x86.ActiveCfg = Release|Any CPU
		{8953B930-2C6A-4630-AD32-35FCBE4E5532}.AppStore|Any CPU.ActiveCfg = Release|Any CPU
		{8953B930-2C6A-4630-AD32-35FCBE4E5532}.AppStore|Any CPU.Build.0 = Release|Any CPU
		{8953B930-2C6A-4630-AD32-35FCBE4E5532}.AppStore|ARM.ActiveCfg = Release|Any CPU
		{8953B930-2C6A-4630-AD32-35FCBE4E5532}.AppStore|iPhone.ActiveCfg = Release|Any CPU
		{8953B930-2C6A-4630-AD32-35FCBE4E5532}.AppStore|iPhoneSimulator.ActiveCfg = Release|Any CPU
		{8953B930-2C6A-4630-AD32-35FCBE4E5532}.AppStore|Mixed Platforms.ActiveCfg = Release|Any CPU
		{8953B930-2C6A-4630-AD32-35FCBE4E5532}.AppStore|Mixed Platforms.Build.0 = Release|Any CPU
		{8953B930-2C6A-4630-AD32-35FCBE4E5532}.AppStore|x86.ActiveCfg = Release|Any CPU
		{8953B930-2C6A-4630-AD32-35FCBE4E5532}.Debug|Any CPU.ActiveCfg = Debug|Any CPU
		{8953B930-2C6A-4630-AD32-35FCBE4E5532}.Debug|Any CPU.Build.0 = Debug|Any CPU
		{8953B930-2C6A-4630-AD32-35FCBE4E5532}.Debug|ARM.ActiveCfg = Debug|Any CPU
		{8953B930-2C6A-4630-AD32-35FCBE4E5532}.Debug|iPhone.ActiveCfg = Debug|Any CPU
		{8953B930-2C6A-4630-AD32-35FCBE4E5532}.Debug|iPhoneSimulator.ActiveCfg = Debug|Any CPU
		{8953B930-2C6A-4630-AD32-35FCBE4E5532}.Debug|Mixed Platforms.ActiveCfg = Debug|Any CPU
		{8953B930-2C6A-4630-AD32-35FCBE4E5532}.Debug|Mixed Platforms.Build.0 = Debug|Any CPU
		{8953B930-2C6A-4630-AD32-35FCBE4E5532}.Debug|x86.ActiveCfg = Debug|Any CPU
		{8953B930-2C6A-4630-AD32-35FCBE4E5532}.Release|Any CPU.ActiveCfg = Release|Any CPU
		{8953B930-2C6A-4630-AD32-35FCBE4E5532}.Release|Any CPU.Build.0 = Release|Any CPU
		{8953B930-2C6A-4630-AD32-35FCBE4E5532}.Release|ARM.ActiveCfg = Release|Any CPU
		{8953B930-2C6A-4630-AD32-35FCBE4E5532}.Release|iPhone.ActiveCfg = Release|Any CPU
		{8953B930-2C6A-4630-AD32-35FCBE4E5532}.Release|iPhoneSimulator.ActiveCfg = Release|Any CPU
		{8953B930-2C6A-4630-AD32-35FCBE4E5532}.Release|Mixed Platforms.ActiveCfg = Release|Any CPU
		{8953B930-2C6A-4630-AD32-35FCBE4E5532}.Release|Mixed Platforms.Build.0 = Release|Any CPU
		{8953B930-2C6A-4630-AD32-35FCBE4E5532}.Release|x86.ActiveCfg = Release|Any CPU
		{1DDA01FC-9738-466F-B296-839B9095DF57}.Ad-Hoc|Any CPU.ActiveCfg = Ad-Hoc|iPhone
		{1DDA01FC-9738-466F-B296-839B9095DF57}.Ad-Hoc|ARM.ActiveCfg = Ad-Hoc|iPhone
		{1DDA01FC-9738-466F-B296-839B9095DF57}.Ad-Hoc|iPhone.ActiveCfg = Ad-Hoc|iPhone
		{1DDA01FC-9738-466F-B296-839B9095DF57}.Ad-Hoc|iPhone.Build.0 = Ad-Hoc|iPhone
		{1DDA01FC-9738-466F-B296-839B9095DF57}.Ad-Hoc|iPhoneSimulator.ActiveCfg = Ad-Hoc|iPhoneSimulator
		{1DDA01FC-9738-466F-B296-839B9095DF57}.Ad-Hoc|iPhoneSimulator.Build.0 = Ad-Hoc|iPhoneSimulator
		{1DDA01FC-9738-466F-B296-839B9095DF57}.Ad-Hoc|Mixed Platforms.ActiveCfg = Ad-Hoc|iPhone
		{1DDA01FC-9738-466F-B296-839B9095DF57}.Ad-Hoc|Mixed Platforms.Build.0 = Ad-Hoc|iPhone
		{1DDA01FC-9738-466F-B296-839B9095DF57}.Ad-Hoc|x86.ActiveCfg = Ad-Hoc|iPhone
		{1DDA01FC-9738-466F-B296-839B9095DF57}.AppStore|Any CPU.ActiveCfg = AppStore|iPhone
		{1DDA01FC-9738-466F-B296-839B9095DF57}.AppStore|ARM.ActiveCfg = AppStore|iPhone
		{1DDA01FC-9738-466F-B296-839B9095DF57}.AppStore|iPhone.ActiveCfg = AppStore|iPhone
		{1DDA01FC-9738-466F-B296-839B9095DF57}.AppStore|iPhone.Build.0 = AppStore|iPhone
		{1DDA01FC-9738-466F-B296-839B9095DF57}.AppStore|iPhoneSimulator.ActiveCfg = AppStore|iPhoneSimulator
		{1DDA01FC-9738-466F-B296-839B9095DF57}.AppStore|iPhoneSimulator.Build.0 = AppStore|iPhoneSimulator
		{1DDA01FC-9738-466F-B296-839B9095DF57}.AppStore|Mixed Platforms.ActiveCfg = AppStore|iPhone
		{1DDA01FC-9738-466F-B296-839B9095DF57}.AppStore|Mixed Platforms.Build.0 = AppStore|iPhone
		{1DDA01FC-9738-466F-B296-839B9095DF57}.AppStore|x86.ActiveCfg = AppStore|iPhone
		{1DDA01FC-9738-466F-B296-839B9095DF57}.Debug|Any CPU.ActiveCfg = Debug|iPhone
		{1DDA01FC-9738-466F-B296-839B9095DF57}.Debug|ARM.ActiveCfg = Debug|iPhone
		{1DDA01FC-9738-466F-B296-839B9095DF57}.Debug|iPhone.ActiveCfg = Debug|iPhone
		{1DDA01FC-9738-466F-B296-839B9095DF57}.Debug|iPhone.Build.0 = Debug|iPhone
		{1DDA01FC-9738-466F-B296-839B9095DF57}.Debug|iPhoneSimulator.ActiveCfg = Debug|iPhoneSimulator
		{1DDA01FC-9738-466F-B296-839B9095DF57}.Debug|iPhoneSimulator.Build.0 = Debug|iPhoneSimulator
		{1DDA01FC-9738-466F-B296-839B9095DF57}.Debug|Mixed Platforms.ActiveCfg = Debug|iPhone
		{1DDA01FC-9738-466F-B296-839B9095DF57}.Debug|Mixed Platforms.Build.0 = Debug|iPhone
		{1DDA01FC-9738-466F-B296-839B9095DF57}.Debug|x86.ActiveCfg = Debug|iPhone
		{1DDA01FC-9738-466F-B296-839B9095DF57}.Release|Any CPU.ActiveCfg = Release|iPhone
		{1DDA01FC-9738-466F-B296-839B9095DF57}.Release|ARM.ActiveCfg = Release|iPhone
		{1DDA01FC-9738-466F-B296-839B9095DF57}.Release|iPhone.ActiveCfg = Release|iPhone
		{1DDA01FC-9738-466F-B296-839B9095DF57}.Release|iPhone.Build.0 = Release|iPhone
		{1DDA01FC-9738-466F-B296-839B9095DF57}.Release|iPhoneSimulator.ActiveCfg = Release|iPhoneSimulator
		{1DDA01FC-9738-466F-B296-839B9095DF57}.Release|iPhoneSimulator.Build.0 = Release|iPhoneSimulator
		{1DDA01FC-9738-466F-B296-839B9095DF57}.Release|Mixed Platforms.ActiveCfg = Release|iPhone
		{1DDA01FC-9738-466F-B296-839B9095DF57}.Release|Mixed Platforms.Build.0 = Release|iPhone
		{1DDA01FC-9738-466F-B296-839B9095DF57}.Release|x86.ActiveCfg = Release|iPhone
		{17D5AACC-EFF0-4D9B-83F4-1814331C76BB}.Ad-Hoc|Any CPU.ActiveCfg = Release|Any CPU
		{17D5AACC-EFF0-4D9B-83F4-1814331C76BB}.Ad-Hoc|Any CPU.Build.0 = Release|Any CPU
		{17D5AACC-EFF0-4D9B-83F4-1814331C76BB}.Ad-Hoc|ARM.ActiveCfg = Release|Any CPU
		{17D5AACC-EFF0-4D9B-83F4-1814331C76BB}.Ad-Hoc|iPhone.ActiveCfg = Release|Any CPU
		{17D5AACC-EFF0-4D9B-83F4-1814331C76BB}.Ad-Hoc|iPhoneSimulator.ActiveCfg = Release|Any CPU
		{17D5AACC-EFF0-4D9B-83F4-1814331C76BB}.Ad-Hoc|Mixed Platforms.ActiveCfg = Release|Any CPU
		{17D5AACC-EFF0-4D9B-83F4-1814331C76BB}.Ad-Hoc|Mixed Platforms.Build.0 = Release|Any CPU
		{17D5AACC-EFF0-4D9B-83F4-1814331C76BB}.Ad-Hoc|x86.ActiveCfg = Release|Any CPU
		{17D5AACC-EFF0-4D9B-83F4-1814331C76BB}.AppStore|Any CPU.ActiveCfg = Release|Any CPU
		{17D5AACC-EFF0-4D9B-83F4-1814331C76BB}.AppStore|Any CPU.Build.0 = Release|Any CPU
		{17D5AACC-EFF0-4D9B-83F4-1814331C76BB}.AppStore|ARM.ActiveCfg = Release|Any CPU
		{17D5AACC-EFF0-4D9B-83F4-1814331C76BB}.AppStore|iPhone.ActiveCfg = Release|Any CPU
		{17D5AACC-EFF0-4D9B-83F4-1814331C76BB}.AppStore|iPhoneSimulator.ActiveCfg = Release|Any CPU
		{17D5AACC-EFF0-4D9B-83F4-1814331C76BB}.AppStore|Mixed Platforms.ActiveCfg = Release|Any CPU
		{17D5AACC-EFF0-4D9B-83F4-1814331C76BB}.AppStore|Mixed Platforms.Build.0 = Release|Any CPU
		{17D5AACC-EFF0-4D9B-83F4-1814331C76BB}.AppStore|x86.ActiveCfg = Release|Any CPU
		{17D5AACC-EFF0-4D9B-83F4-1814331C76BB}.Debug|Any CPU.ActiveCfg = Debug|Any CPU
		{17D5AACC-EFF0-4D9B-83F4-1814331C76BB}.Debug|Any CPU.Build.0 = Debug|Any CPU
		{17D5AACC-EFF0-4D9B-83F4-1814331C76BB}.Debug|ARM.ActiveCfg = Debug|Any CPU
		{17D5AACC-EFF0-4D9B-83F4-1814331C76BB}.Debug|iPhone.ActiveCfg = Debug|Any CPU
		{17D5AACC-EFF0-4D9B-83F4-1814331C76BB}.Debug|iPhoneSimulator.ActiveCfg = Debug|Any CPU
		{17D5AACC-EFF0-4D9B-83F4-1814331C76BB}.Debug|Mixed Platforms.ActiveCfg = Debug|Any CPU
		{17D5AACC-EFF0-4D9B-83F4-1814331C76BB}.Debug|Mixed Platforms.Build.0 = Debug|Any CPU
		{17D5AACC-EFF0-4D9B-83F4-1814331C76BB}.Debug|x86.ActiveCfg = Debug|Any CPU
		{17D5AACC-EFF0-4D9B-83F4-1814331C76BB}.Release|Any CPU.ActiveCfg = Release|Any CPU
		{17D5AACC-EFF0-4D9B-83F4-1814331C76BB}.Release|Any CPU.Build.0 = Release|Any CPU
		{17D5AACC-EFF0-4D9B-83F4-1814331C76BB}.Release|ARM.ActiveCfg = Release|Any CPU
		{17D5AACC-EFF0-4D9B-83F4-1814331C76BB}.Release|iPhone.ActiveCfg = Release|Any CPU
		{17D5AACC-EFF0-4D9B-83F4-1814331C76BB}.Release|iPhoneSimulator.ActiveCfg = Release|Any CPU
		{17D5AACC-EFF0-4D9B-83F4-1814331C76BB}.Release|Mixed Platforms.ActiveCfg = Release|Any CPU
		{17D5AACC-EFF0-4D9B-83F4-1814331C76BB}.Release|Mixed Platforms.Build.0 = Release|Any CPU
		{17D5AACC-EFF0-4D9B-83F4-1814331C76BB}.Release|x86.ActiveCfg = Release|Any CPU
		{2B875FB9-DE2D-41D2-8C0E-A95D02A5116E}.Ad-Hoc|Any CPU.ActiveCfg = Release|Any CPU
		{2B875FB9-DE2D-41D2-8C0E-A95D02A5116E}.Ad-Hoc|Any CPU.Build.0 = Release|Any CPU
		{2B875FB9-DE2D-41D2-8C0E-A95D02A5116E}.Ad-Hoc|ARM.ActiveCfg = Release|Any CPU
		{2B875FB9-DE2D-41D2-8C0E-A95D02A5116E}.Ad-Hoc|iPhone.ActiveCfg = Release|Any CPU
		{2B875FB9-DE2D-41D2-8C0E-A95D02A5116E}.Ad-Hoc|iPhoneSimulator.ActiveCfg = Release|Any CPU
		{2B875FB9-DE2D-41D2-8C0E-A95D02A5116E}.Ad-Hoc|Mixed Platforms.ActiveCfg = Release|Any CPU
		{2B875FB9-DE2D-41D2-8C0E-A95D02A5116E}.Ad-Hoc|Mixed Platforms.Build.0 = Release|Any CPU
		{2B875FB9-DE2D-41D2-8C0E-A95D02A5116E}.Ad-Hoc|x86.ActiveCfg = Release|Any CPU
		{2B875FB9-DE2D-41D2-8C0E-A95D02A5116E}.AppStore|Any CPU.ActiveCfg = Release|Any CPU
		{2B875FB9-DE2D-41D2-8C0E-A95D02A5116E}.AppStore|Any CPU.Build.0 = Release|Any CPU
		{2B875FB9-DE2D-41D2-8C0E-A95D02A5116E}.AppStore|ARM.ActiveCfg = Release|Any CPU
		{2B875FB9-DE2D-41D2-8C0E-A95D02A5116E}.AppStore|iPhone.ActiveCfg = Release|Any CPU
		{2B875FB9-DE2D-41D2-8C0E-A95D02A5116E}.AppStore|iPhoneSimulator.ActiveCfg = Release|Any CPU
		{2B875FB9-DE2D-41D2-8C0E-A95D02A5116E}.AppStore|Mixed Platforms.ActiveCfg = Release|Any CPU
		{2B875FB9-DE2D-41D2-8C0E-A95D02A5116E}.AppStore|Mixed Platforms.Build.0 = Release|Any CPU
		{2B875FB9-DE2D-41D2-8C0E-A95D02A5116E}.AppStore|x86.ActiveCfg = Release|Any CPU
		{2B875FB9-DE2D-41D2-8C0E-A95D02A5116E}.Debug|Any CPU.ActiveCfg = Debug|Any CPU
		{2B875FB9-DE2D-41D2-8C0E-A95D02A5116E}.Debug|Any CPU.Build.0 = Debug|Any CPU
		{2B875FB9-DE2D-41D2-8C0E-A95D02A5116E}.Debug|ARM.ActiveCfg = Debug|Any CPU
		{2B875FB9-DE2D-41D2-8C0E-A95D02A5116E}.Debug|iPhone.ActiveCfg = Debug|Any CPU
		{2B875FB9-DE2D-41D2-8C0E-A95D02A5116E}.Debug|iPhoneSimulator.ActiveCfg = Debug|Any CPU
		{2B875FB9-DE2D-41D2-8C0E-A95D02A5116E}.Debug|Mixed Platforms.ActiveCfg = Debug|Any CPU
		{2B875FB9-DE2D-41D2-8C0E-A95D02A5116E}.Debug|Mixed Platforms.Build.0 = Debug|Any CPU
		{2B875FB9-DE2D-41D2-8C0E-A95D02A5116E}.Debug|x86.ActiveCfg = Debug|Any CPU
		{2B875FB9-DE2D-41D2-8C0E-A95D02A5116E}.Release|Any CPU.ActiveCfg = Release|Any CPU
		{2B875FB9-DE2D-41D2-8C0E-A95D02A5116E}.Release|Any CPU.Build.0 = Release|Any CPU
		{2B875FB9-DE2D-41D2-8C0E-A95D02A5116E}.Release|ARM.ActiveCfg = Release|Any CPU
		{2B875FB9-DE2D-41D2-8C0E-A95D02A5116E}.Release|iPhone.ActiveCfg = Release|Any CPU
		{2B875FB9-DE2D-41D2-8C0E-A95D02A5116E}.Release|iPhoneSimulator.ActiveCfg = Release|Any CPU
		{2B875FB9-DE2D-41D2-8C0E-A95D02A5116E}.Release|Mixed Platforms.ActiveCfg = Release|Any CPU
		{2B875FB9-DE2D-41D2-8C0E-A95D02A5116E}.Release|Mixed Platforms.Build.0 = Release|Any CPU
		{2B875FB9-DE2D-41D2-8C0E-A95D02A5116E}.Release|x86.ActiveCfg = Release|Any CPU
		{47A975AE-726E-4EE6-A39F-002CB0BC4896}.Ad-Hoc|Any CPU.ActiveCfg = Release|Any CPU
		{47A975AE-726E-4EE6-A39F-002CB0BC4896}.Ad-Hoc|Any CPU.Build.0 = Release|Any CPU
		{47A975AE-726E-4EE6-A39F-002CB0BC4896}.Ad-Hoc|Any CPU.Deploy.0 = Release|Any CPU
		{47A975AE-726E-4EE6-A39F-002CB0BC4896}.Ad-Hoc|ARM.ActiveCfg = Release|ARM
		{47A975AE-726E-4EE6-A39F-002CB0BC4896}.Ad-Hoc|ARM.Build.0 = Release|ARM
		{47A975AE-726E-4EE6-A39F-002CB0BC4896}.Ad-Hoc|ARM.Deploy.0 = Release|ARM
		{47A975AE-726E-4EE6-A39F-002CB0BC4896}.Ad-Hoc|iPhone.ActiveCfg = Release|Any CPU
		{47A975AE-726E-4EE6-A39F-002CB0BC4896}.Ad-Hoc|iPhoneSimulator.ActiveCfg = Release|Any CPU
		{47A975AE-726E-4EE6-A39F-002CB0BC4896}.Ad-Hoc|Mixed Platforms.ActiveCfg = Release|x86
		{47A975AE-726E-4EE6-A39F-002CB0BC4896}.Ad-Hoc|Mixed Platforms.Build.0 = Release|x86
		{47A975AE-726E-4EE6-A39F-002CB0BC4896}.Ad-Hoc|Mixed Platforms.Deploy.0 = Release|x86
		{47A975AE-726E-4EE6-A39F-002CB0BC4896}.Ad-Hoc|x86.ActiveCfg = Release|x86
		{47A975AE-726E-4EE6-A39F-002CB0BC4896}.Ad-Hoc|x86.Build.0 = Release|x86
		{47A975AE-726E-4EE6-A39F-002CB0BC4896}.Ad-Hoc|x86.Deploy.0 = Release|x86
		{47A975AE-726E-4EE6-A39F-002CB0BC4896}.AppStore|Any CPU.ActiveCfg = Release|Any CPU
		{47A975AE-726E-4EE6-A39F-002CB0BC4896}.AppStore|Any CPU.Build.0 = Release|Any CPU
		{47A975AE-726E-4EE6-A39F-002CB0BC4896}.AppStore|Any CPU.Deploy.0 = Release|Any CPU
		{47A975AE-726E-4EE6-A39F-002CB0BC4896}.AppStore|ARM.ActiveCfg = Release|ARM
		{47A975AE-726E-4EE6-A39F-002CB0BC4896}.AppStore|ARM.Build.0 = Release|ARM
		{47A975AE-726E-4EE6-A39F-002CB0BC4896}.AppStore|ARM.Deploy.0 = Release|ARM
		{47A975AE-726E-4EE6-A39F-002CB0BC4896}.AppStore|iPhone.ActiveCfg = Release|Any CPU
		{47A975AE-726E-4EE6-A39F-002CB0BC4896}.AppStore|iPhoneSimulator.ActiveCfg = Release|Any CPU
		{47A975AE-726E-4EE6-A39F-002CB0BC4896}.AppStore|Mixed Platforms.ActiveCfg = Release|x86
		{47A975AE-726E-4EE6-A39F-002CB0BC4896}.AppStore|Mixed Platforms.Build.0 = Release|x86
		{47A975AE-726E-4EE6-A39F-002CB0BC4896}.AppStore|Mixed Platforms.Deploy.0 = Release|x86
		{47A975AE-726E-4EE6-A39F-002CB0BC4896}.AppStore|x86.ActiveCfg = Release|x86
		{47A975AE-726E-4EE6-A39F-002CB0BC4896}.AppStore|x86.Build.0 = Release|x86
		{47A975AE-726E-4EE6-A39F-002CB0BC4896}.AppStore|x86.Deploy.0 = Release|x86
		{47A975AE-726E-4EE6-A39F-002CB0BC4896}.Debug|Any CPU.ActiveCfg = Debug|Any CPU
		{47A975AE-726E-4EE6-A39F-002CB0BC4896}.Debug|Any CPU.Build.0 = Debug|Any CPU
		{47A975AE-726E-4EE6-A39F-002CB0BC4896}.Debug|Any CPU.Deploy.0 = Debug|Any CPU
		{47A975AE-726E-4EE6-A39F-002CB0BC4896}.Debug|ARM.ActiveCfg = Debug|ARM
		{47A975AE-726E-4EE6-A39F-002CB0BC4896}.Debug|ARM.Build.0 = Debug|ARM
		{47A975AE-726E-4EE6-A39F-002CB0BC4896}.Debug|ARM.Deploy.0 = Debug|ARM
		{47A975AE-726E-4EE6-A39F-002CB0BC4896}.Debug|iPhone.ActiveCfg = Debug|Any CPU
		{47A975AE-726E-4EE6-A39F-002CB0BC4896}.Debug|iPhoneSimulator.ActiveCfg = Debug|Any CPU
		{47A975AE-726E-4EE6-A39F-002CB0BC4896}.Debug|Mixed Platforms.ActiveCfg = Debug|x86
		{47A975AE-726E-4EE6-A39F-002CB0BC4896}.Debug|Mixed Platforms.Build.0 = Debug|x86
		{47A975AE-726E-4EE6-A39F-002CB0BC4896}.Debug|Mixed Platforms.Deploy.0 = Debug|x86
		{47A975AE-726E-4EE6-A39F-002CB0BC4896}.Debug|x86.ActiveCfg = Debug|x86
		{47A975AE-726E-4EE6-A39F-002CB0BC4896}.Debug|x86.Build.0 = Debug|x86
		{47A975AE-726E-4EE6-A39F-002CB0BC4896}.Debug|x86.Deploy.0 = Debug|x86
		{47A975AE-726E-4EE6-A39F-002CB0BC4896}.Release|Any CPU.ActiveCfg = Release|Any CPU
		{47A975AE-726E-4EE6-A39F-002CB0BC4896}.Release|Any CPU.Build.0 = Release|Any CPU
		{47A975AE-726E-4EE6-A39F-002CB0BC4896}.Release|Any CPU.Deploy.0 = Release|Any CPU
		{47A975AE-726E-4EE6-A39F-002CB0BC4896}.Release|ARM.ActiveCfg = Release|ARM
		{47A975AE-726E-4EE6-A39F-002CB0BC4896}.Release|ARM.Build.0 = Release|ARM
		{47A975AE-726E-4EE6-A39F-002CB0BC4896}.Release|ARM.Deploy.0 = Release|ARM
		{47A975AE-726E-4EE6-A39F-002CB0BC4896}.Release|iPhone.ActiveCfg = Release|Any CPU
		{47A975AE-726E-4EE6-A39F-002CB0BC4896}.Release|iPhoneSimulator.ActiveCfg = Release|Any CPU
		{47A975AE-726E-4EE6-A39F-002CB0BC4896}.Release|Mixed Platforms.ActiveCfg = Release|x86
		{47A975AE-726E-4EE6-A39F-002CB0BC4896}.Release|Mixed Platforms.Build.0 = Release|x86
		{47A975AE-726E-4EE6-A39F-002CB0BC4896}.Release|Mixed Platforms.Deploy.0 = Release|x86
		{47A975AE-726E-4EE6-A39F-002CB0BC4896}.Release|x86.ActiveCfg = Release|x86
		{47A975AE-726E-4EE6-A39F-002CB0BC4896}.Release|x86.Build.0 = Release|x86
		{47A975AE-726E-4EE6-A39F-002CB0BC4896}.Release|x86.Deploy.0 = Release|x86
		{922566F5-9ACC-4968-8FDB-BA131CEDB324}.Ad-Hoc|Any CPU.ActiveCfg = Release|Any CPU
		{922566F5-9ACC-4968-8FDB-BA131CEDB324}.Ad-Hoc|Any CPU.Build.0 = Release|Any CPU
		{922566F5-9ACC-4968-8FDB-BA131CEDB324}.Ad-Hoc|ARM.ActiveCfg = Release|Any CPU
		{922566F5-9ACC-4968-8FDB-BA131CEDB324}.Ad-Hoc|iPhone.ActiveCfg = Release|Any CPU
		{922566F5-9ACC-4968-8FDB-BA131CEDB324}.Ad-Hoc|iPhoneSimulator.ActiveCfg = Release|Any CPU
		{922566F5-9ACC-4968-8FDB-BA131CEDB324}.Ad-Hoc|Mixed Platforms.ActiveCfg = Release|Any CPU
		{922566F5-9ACC-4968-8FDB-BA131CEDB324}.Ad-Hoc|Mixed Platforms.Build.0 = Release|Any CPU
		{922566F5-9ACC-4968-8FDB-BA131CEDB324}.Ad-Hoc|x86.ActiveCfg = Release|Any CPU
		{922566F5-9ACC-4968-8FDB-BA131CEDB324}.AppStore|Any CPU.ActiveCfg = Release|Any CPU
		{922566F5-9ACC-4968-8FDB-BA131CEDB324}.AppStore|Any CPU.Build.0 = Release|Any CPU
		{922566F5-9ACC-4968-8FDB-BA131CEDB324}.AppStore|ARM.ActiveCfg = Release|Any CPU
		{922566F5-9ACC-4968-8FDB-BA131CEDB324}.AppStore|iPhone.ActiveCfg = Release|Any CPU
		{922566F5-9ACC-4968-8FDB-BA131CEDB324}.AppStore|iPhoneSimulator.ActiveCfg = Release|Any CPU
		{922566F5-9ACC-4968-8FDB-BA131CEDB324}.AppStore|Mixed Platforms.ActiveCfg = Release|Any CPU
		{922566F5-9ACC-4968-8FDB-BA131CEDB324}.AppStore|Mixed Platforms.Build.0 = Release|Any CPU
		{922566F5-9ACC-4968-8FDB-BA131CEDB324}.AppStore|x86.ActiveCfg = Release|Any CPU
		{922566F5-9ACC-4968-8FDB-BA131CEDB324}.Debug|Any CPU.ActiveCfg = Debug|Any CPU
		{922566F5-9ACC-4968-8FDB-BA131CEDB324}.Debug|Any CPU.Build.0 = Debug|Any CPU
		{922566F5-9ACC-4968-8FDB-BA131CEDB324}.Debug|ARM.ActiveCfg = Debug|Any CPU
		{922566F5-9ACC-4968-8FDB-BA131CEDB324}.Debug|iPhone.ActiveCfg = Debug|Any CPU
		{922566F5-9ACC-4968-8FDB-BA131CEDB324}.Debug|iPhoneSimulator.ActiveCfg = Debug|Any CPU
		{922566F5-9ACC-4968-8FDB-BA131CEDB324}.Debug|Mixed Platforms.ActiveCfg = Debug|Any CPU
		{922566F5-9ACC-4968-8FDB-BA131CEDB324}.Debug|Mixed Platforms.Build.0 = Debug|Any CPU
		{922566F5-9ACC-4968-8FDB-BA131CEDB324}.Debug|x86.ActiveCfg = Debug|Any CPU
		{922566F5-9ACC-4968-8FDB-BA131CEDB324}.Release|Any CPU.ActiveCfg = Release|Any CPU
		{922566F5-9ACC-4968-8FDB-BA131CEDB324}.Release|Any CPU.Build.0 = Release|Any CPU
		{922566F5-9ACC-4968-8FDB-BA131CEDB324}.Release|ARM.ActiveCfg = Release|Any CPU
		{922566F5-9ACC-4968-8FDB-BA131CEDB324}.Release|iPhone.ActiveCfg = Release|Any CPU
		{922566F5-9ACC-4968-8FDB-BA131CEDB324}.Release|iPhoneSimulator.ActiveCfg = Release|Any CPU
		{922566F5-9ACC-4968-8FDB-BA131CEDB324}.Release|Mixed Platforms.ActiveCfg = Release|Any CPU
		{922566F5-9ACC-4968-8FDB-BA131CEDB324}.Release|Mixed Platforms.Build.0 = Release|Any CPU
		{922566F5-9ACC-4968-8FDB-BA131CEDB324}.Release|x86.ActiveCfg = Release|Any CPU
		{89A30C9D-AF8C-4352-8E78-42FF556696A8}.Ad-Hoc|Any CPU.ActiveCfg = Release|Any CPU
		{89A30C9D-AF8C-4352-8E78-42FF556696A8}.Ad-Hoc|Any CPU.Build.0 = Release|Any CPU
		{89A30C9D-AF8C-4352-8E78-42FF556696A8}.Ad-Hoc|ARM.ActiveCfg = Release|Any CPU
		{89A30C9D-AF8C-4352-8E78-42FF556696A8}.Ad-Hoc|iPhone.ActiveCfg = Release|Any CPU
		{89A30C9D-AF8C-4352-8E78-42FF556696A8}.Ad-Hoc|iPhoneSimulator.ActiveCfg = Release|Any CPU
		{89A30C9D-AF8C-4352-8E78-42FF556696A8}.Ad-Hoc|Mixed Platforms.ActiveCfg = Release|Any CPU
		{89A30C9D-AF8C-4352-8E78-42FF556696A8}.Ad-Hoc|Mixed Platforms.Build.0 = Release|Any CPU
		{89A30C9D-AF8C-4352-8E78-42FF556696A8}.Ad-Hoc|x86.ActiveCfg = Release|Any CPU
		{89A30C9D-AF8C-4352-8E78-42FF556696A8}.AppStore|Any CPU.ActiveCfg = Release|Any CPU
		{89A30C9D-AF8C-4352-8E78-42FF556696A8}.AppStore|Any CPU.Build.0 = Release|Any CPU
		{89A30C9D-AF8C-4352-8E78-42FF556696A8}.AppStore|ARM.ActiveCfg = Release|Any CPU
		{89A30C9D-AF8C-4352-8E78-42FF556696A8}.AppStore|iPhone.ActiveCfg = Release|Any CPU
		{89A30C9D-AF8C-4352-8E78-42FF556696A8}.AppStore|iPhoneSimulator.ActiveCfg = Release|Any CPU
		{89A30C9D-AF8C-4352-8E78-42FF556696A8}.AppStore|Mixed Platforms.ActiveCfg = Release|Any CPU
		{89A30C9D-AF8C-4352-8E78-42FF556696A8}.AppStore|Mixed Platforms.Build.0 = Release|Any CPU
		{89A30C9D-AF8C-4352-8E78-42FF556696A8}.AppStore|x86.ActiveCfg = Release|Any CPU
		{89A30C9D-AF8C-4352-8E78-42FF556696A8}.Debug|Any CPU.ActiveCfg = Debug|Any CPU
		{89A30C9D-AF8C-4352-8E78-42FF556696A8}.Debug|Any CPU.Build.0 = Debug|Any CPU
		{89A30C9D-AF8C-4352-8E78-42FF556696A8}.Debug|ARM.ActiveCfg = Debug|Any CPU
		{89A30C9D-AF8C-4352-8E78-42FF556696A8}.Debug|iPhone.ActiveCfg = Debug|Any CPU
		{89A30C9D-AF8C-4352-8E78-42FF556696A8}.Debug|iPhoneSimulator.ActiveCfg = Debug|Any CPU
		{89A30C9D-AF8C-4352-8E78-42FF556696A8}.Debug|Mixed Platforms.ActiveCfg = Debug|Any CPU
		{89A30C9D-AF8C-4352-8E78-42FF556696A8}.Debug|Mixed Platforms.Build.0 = Debug|Any CPU
		{89A30C9D-AF8C-4352-8E78-42FF556696A8}.Debug|x86.ActiveCfg = Debug|Any CPU
		{89A30C9D-AF8C-4352-8E78-42FF556696A8}.Release|Any CPU.ActiveCfg = Release|Any CPU
		{89A30C9D-AF8C-4352-8E78-42FF556696A8}.Release|Any CPU.Build.0 = Release|Any CPU
		{89A30C9D-AF8C-4352-8E78-42FF556696A8}.Release|ARM.ActiveCfg = Release|Any CPU
		{89A30C9D-AF8C-4352-8E78-42FF556696A8}.Release|iPhone.ActiveCfg = Release|Any CPU
		{89A30C9D-AF8C-4352-8E78-42FF556696A8}.Release|iPhoneSimulator.ActiveCfg = Release|Any CPU
		{89A30C9D-AF8C-4352-8E78-42FF556696A8}.Release|Mixed Platforms.ActiveCfg = Release|Any CPU
		{89A30C9D-AF8C-4352-8E78-42FF556696A8}.Release|Mixed Platforms.Build.0 = Release|Any CPU
		{89A30C9D-AF8C-4352-8E78-42FF556696A8}.Release|x86.ActiveCfg = Release|Any CPU
		{EB059A15-32E9-49B4-8C57-B7E56115EC98}.Ad-Hoc|Any CPU.ActiveCfg = Release|Any CPU
		{EB059A15-32E9-49B4-8C57-B7E56115EC98}.Ad-Hoc|Any CPU.Build.0 = Release|Any CPU
		{EB059A15-32E9-49B4-8C57-B7E56115EC98}.Ad-Hoc|ARM.ActiveCfg = Release|Any CPU
		{EB059A15-32E9-49B4-8C57-B7E56115EC98}.Ad-Hoc|iPhone.ActiveCfg = Release|Any CPU
		{EB059A15-32E9-49B4-8C57-B7E56115EC98}.Ad-Hoc|iPhoneSimulator.ActiveCfg = Release|Any CPU
		{EB059A15-32E9-49B4-8C57-B7E56115EC98}.Ad-Hoc|Mixed Platforms.ActiveCfg = Release|Any CPU
		{EB059A15-32E9-49B4-8C57-B7E56115EC98}.Ad-Hoc|Mixed Platforms.Build.0 = Release|Any CPU
		{EB059A15-32E9-49B4-8C57-B7E56115EC98}.Ad-Hoc|x86.ActiveCfg = Release|Any CPU
		{EB059A15-32E9-49B4-8C57-B7E56115EC98}.AppStore|Any CPU.ActiveCfg = Release|Any CPU
		{EB059A15-32E9-49B4-8C57-B7E56115EC98}.AppStore|Any CPU.Build.0 = Release|Any CPU
		{EB059A15-32E9-49B4-8C57-B7E56115EC98}.AppStore|ARM.ActiveCfg = Release|Any CPU
		{EB059A15-32E9-49B4-8C57-B7E56115EC98}.AppStore|iPhone.ActiveCfg = Release|Any CPU
		{EB059A15-32E9-49B4-8C57-B7E56115EC98}.AppStore|iPhoneSimulator.ActiveCfg = Release|Any CPU
		{EB059A15-32E9-49B4-8C57-B7E56115EC98}.AppStore|Mixed Platforms.ActiveCfg = Release|Any CPU
		{EB059A15-32E9-49B4-8C57-B7E56115EC98}.AppStore|Mixed Platforms.Build.0 = Release|Any CPU
		{EB059A15-32E9-49B4-8C57-B7E56115EC98}.AppStore|x86.ActiveCfg = Release|Any CPU
		{EB059A15-32E9-49B4-8C57-B7E56115EC98}.Debug|Any CPU.ActiveCfg = Debug|Any CPU
		{EB059A15-32E9-49B4-8C57-B7E56115EC98}.Debug|Any CPU.Build.0 = Debug|Any CPU
		{EB059A15-32E9-49B4-8C57-B7E56115EC98}.Debug|ARM.ActiveCfg = Debug|Any CPU
		{EB059A15-32E9-49B4-8C57-B7E56115EC98}.Debug|iPhone.ActiveCfg = Debug|Any CPU
		{EB059A15-32E9-49B4-8C57-B7E56115EC98}.Debug|iPhoneSimulator.ActiveCfg = Debug|Any CPU
		{EB059A15-32E9-49B4-8C57-B7E56115EC98}.Debug|Mixed Platforms.ActiveCfg = Debug|Any CPU
		{EB059A15-32E9-49B4-8C57-B7E56115EC98}.Debug|Mixed Platforms.Build.0 = Debug|Any CPU
		{EB059A15-32E9-49B4-8C57-B7E56115EC98}.Debug|x86.ActiveCfg = Debug|Any CPU
		{EB059A15-32E9-49B4-8C57-B7E56115EC98}.Release|Any CPU.ActiveCfg = Release|Any CPU
		{EB059A15-32E9-49B4-8C57-B7E56115EC98}.Release|Any CPU.Build.0 = Release|Any CPU
		{EB059A15-32E9-49B4-8C57-B7E56115EC98}.Release|ARM.ActiveCfg = Release|Any CPU
		{EB059A15-32E9-49B4-8C57-B7E56115EC98}.Release|iPhone.ActiveCfg = Release|Any CPU
		{EB059A15-32E9-49B4-8C57-B7E56115EC98}.Release|iPhoneSimulator.ActiveCfg = Release|Any CPU
		{EB059A15-32E9-49B4-8C57-B7E56115EC98}.Release|Mixed Platforms.ActiveCfg = Release|Any CPU
		{EB059A15-32E9-49B4-8C57-B7E56115EC98}.Release|Mixed Platforms.Build.0 = Release|Any CPU
		{EB059A15-32E9-49B4-8C57-B7E56115EC98}.Release|x86.ActiveCfg = Release|Any CPU
		{E18CD5B5-0D7A-43E1-8008-128ADD701E5F}.Ad-Hoc|Any CPU.ActiveCfg = Release|Any CPU
		{E18CD5B5-0D7A-43E1-8008-128ADD701E5F}.Ad-Hoc|Any CPU.Build.0 = Release|Any CPU
		{E18CD5B5-0D7A-43E1-8008-128ADD701E5F}.Ad-Hoc|ARM.ActiveCfg = Release|Any CPU
		{E18CD5B5-0D7A-43E1-8008-128ADD701E5F}.Ad-Hoc|iPhone.ActiveCfg = Release|Any CPU
		{E18CD5B5-0D7A-43E1-8008-128ADD701E5F}.Ad-Hoc|iPhoneSimulator.ActiveCfg = Release|Any CPU
		{E18CD5B5-0D7A-43E1-8008-128ADD701E5F}.Ad-Hoc|Mixed Platforms.ActiveCfg = Release|Any CPU
		{E18CD5B5-0D7A-43E1-8008-128ADD701E5F}.Ad-Hoc|Mixed Platforms.Build.0 = Release|Any CPU
		{E18CD5B5-0D7A-43E1-8008-128ADD701E5F}.Ad-Hoc|x86.ActiveCfg = Release|Any CPU
		{E18CD5B5-0D7A-43E1-8008-128ADD701E5F}.AppStore|Any CPU.ActiveCfg = Release|Any CPU
		{E18CD5B5-0D7A-43E1-8008-128ADD701E5F}.AppStore|Any CPU.Build.0 = Release|Any CPU
		{E18CD5B5-0D7A-43E1-8008-128ADD701E5F}.AppStore|ARM.ActiveCfg = Release|Any CPU
		{E18CD5B5-0D7A-43E1-8008-128ADD701E5F}.AppStore|iPhone.ActiveCfg = Release|Any CPU
		{E18CD5B5-0D7A-43E1-8008-128ADD701E5F}.AppStore|iPhoneSimulator.ActiveCfg = Release|Any CPU
		{E18CD5B5-0D7A-43E1-8008-128ADD701E5F}.AppStore|Mixed Platforms.ActiveCfg = Release|Any CPU
		{E18CD5B5-0D7A-43E1-8008-128ADD701E5F}.AppStore|Mixed Platforms.Build.0 = Release|Any CPU
		{E18CD5B5-0D7A-43E1-8008-128ADD701E5F}.AppStore|x86.ActiveCfg = Release|Any CPU
		{E18CD5B5-0D7A-43E1-8008-128ADD701E5F}.Debug|Any CPU.ActiveCfg = Debug|Any CPU
		{E18CD5B5-0D7A-43E1-8008-128ADD701E5F}.Debug|Any CPU.Build.0 = Debug|Any CPU
		{E18CD5B5-0D7A-43E1-8008-128ADD701E5F}.Debug|ARM.ActiveCfg = Debug|Any CPU
		{E18CD5B5-0D7A-43E1-8008-128ADD701E5F}.Debug|iPhone.ActiveCfg = Debug|Any CPU
		{E18CD5B5-0D7A-43E1-8008-128ADD701E5F}.Debug|iPhoneSimulator.ActiveCfg = Debug|Any CPU
		{E18CD5B5-0D7A-43E1-8008-128ADD701E5F}.Debug|Mixed Platforms.ActiveCfg = Debug|Any CPU
		{E18CD5B5-0D7A-43E1-8008-128ADD701E5F}.Debug|Mixed Platforms.Build.0 = Debug|Any CPU
		{E18CD5B5-0D7A-43E1-8008-128ADD701E5F}.Debug|x86.ActiveCfg = Debug|Any CPU
		{E18CD5B5-0D7A-43E1-8008-128ADD701E5F}.Release|Any CPU.ActiveCfg = Release|Any CPU
		{E18CD5B5-0D7A-43E1-8008-128ADD701E5F}.Release|Any CPU.Build.0 = Release|Any CPU
		{E18CD5B5-0D7A-43E1-8008-128ADD701E5F}.Release|ARM.ActiveCfg = Release|Any CPU
		{E18CD5B5-0D7A-43E1-8008-128ADD701E5F}.Release|iPhone.ActiveCfg = Release|Any CPU
		{E18CD5B5-0D7A-43E1-8008-128ADD701E5F}.Release|iPhoneSimulator.ActiveCfg = Release|Any CPU
		{E18CD5B5-0D7A-43E1-8008-128ADD701E5F}.Release|Mixed Platforms.ActiveCfg = Release|Any CPU
		{E18CD5B5-0D7A-43E1-8008-128ADD701E5F}.Release|Mixed Platforms.Build.0 = Release|Any CPU
		{E18CD5B5-0D7A-43E1-8008-128ADD701E5F}.Release|x86.ActiveCfg = Release|Any CPU
		{90E6B4A3-714F-4104-B1FE-9A8160E030E3}.Ad-Hoc|Any CPU.ActiveCfg = Release|Any CPU
		{90E6B4A3-714F-4104-B1FE-9A8160E030E3}.Ad-Hoc|Any CPU.Build.0 = Release|Any CPU
		{90E6B4A3-714F-4104-B1FE-9A8160E030E3}.Ad-Hoc|ARM.ActiveCfg = Release|Any CPU
		{90E6B4A3-714F-4104-B1FE-9A8160E030E3}.Ad-Hoc|iPhone.ActiveCfg = Release|Any CPU
		{90E6B4A3-714F-4104-B1FE-9A8160E030E3}.Ad-Hoc|iPhoneSimulator.ActiveCfg = Release|Any CPU
		{90E6B4A3-714F-4104-B1FE-9A8160E030E3}.Ad-Hoc|Mixed Platforms.ActiveCfg = Release|Any CPU
		{90E6B4A3-714F-4104-B1FE-9A8160E030E3}.Ad-Hoc|Mixed Platforms.Build.0 = Release|Any CPU
		{90E6B4A3-714F-4104-B1FE-9A8160E030E3}.Ad-Hoc|x86.ActiveCfg = Release|Any CPU
		{90E6B4A3-714F-4104-B1FE-9A8160E030E3}.AppStore|Any CPU.ActiveCfg = Release|Any CPU
		{90E6B4A3-714F-4104-B1FE-9A8160E030E3}.AppStore|Any CPU.Build.0 = Release|Any CPU
		{90E6B4A3-714F-4104-B1FE-9A8160E030E3}.AppStore|ARM.ActiveCfg = Release|Any CPU
		{90E6B4A3-714F-4104-B1FE-9A8160E030E3}.AppStore|iPhone.ActiveCfg = Release|Any CPU
		{90E6B4A3-714F-4104-B1FE-9A8160E030E3}.AppStore|iPhoneSimulator.ActiveCfg = Release|Any CPU
		{90E6B4A3-714F-4104-B1FE-9A8160E030E3}.AppStore|Mixed Platforms.ActiveCfg = Release|Any CPU
		{90E6B4A3-714F-4104-B1FE-9A8160E030E3}.AppStore|Mixed Platforms.Build.0 = Release|Any CPU
		{90E6B4A3-714F-4104-B1FE-9A8160E030E3}.AppStore|x86.ActiveCfg = Release|Any CPU
		{90E6B4A3-714F-4104-B1FE-9A8160E030E3}.Debug|Any CPU.ActiveCfg = Debug|Any CPU
		{90E6B4A3-714F-4104-B1FE-9A8160E030E3}.Debug|Any CPU.Build.0 = Debug|Any CPU
		{90E6B4A3-714F-4104-B1FE-9A8160E030E3}.Debug|ARM.ActiveCfg = Debug|Any CPU
		{90E6B4A3-714F-4104-B1FE-9A8160E030E3}.Debug|iPhone.ActiveCfg = Debug|Any CPU
		{90E6B4A3-714F-4104-B1FE-9A8160E030E3}.Debug|iPhoneSimulator.ActiveCfg = Debug|Any CPU
		{90E6B4A3-714F-4104-B1FE-9A8160E030E3}.Debug|Mixed Platforms.ActiveCfg = Debug|Any CPU
		{90E6B4A3-714F-4104-B1FE-9A8160E030E3}.Debug|Mixed Platforms.Build.0 = Debug|Any CPU
		{90E6B4A3-714F-4104-B1FE-9A8160E030E3}.Debug|x86.ActiveCfg = Debug|Any CPU
		{90E6B4A3-714F-4104-B1FE-9A8160E030E3}.Release|Any CPU.ActiveCfg = Release|Any CPU
		{90E6B4A3-714F-4104-B1FE-9A8160E030E3}.Release|Any CPU.Build.0 = Release|Any CPU
		{90E6B4A3-714F-4104-B1FE-9A8160E030E3}.Release|ARM.ActiveCfg = Release|Any CPU
		{90E6B4A3-714F-4104-B1FE-9A8160E030E3}.Release|iPhone.ActiveCfg = Release|Any CPU
		{90E6B4A3-714F-4104-B1FE-9A8160E030E3}.Release|iPhoneSimulator.ActiveCfg = Release|Any CPU
		{90E6B4A3-714F-4104-B1FE-9A8160E030E3}.Release|Mixed Platforms.ActiveCfg = Release|Any CPU
		{90E6B4A3-714F-4104-B1FE-9A8160E030E3}.Release|Mixed Platforms.Build.0 = Release|Any CPU
		{90E6B4A3-714F-4104-B1FE-9A8160E030E3}.Release|x86.ActiveCfg = Release|Any CPU
		{DB7F1199-F8EB-491C-BD85-2123C3F16590}.Ad-Hoc|Any CPU.ActiveCfg = Release|Any CPU
		{DB7F1199-F8EB-491C-BD85-2123C3F16590}.Ad-Hoc|Any CPU.Build.0 = Release|Any CPU
		{DB7F1199-F8EB-491C-BD85-2123C3F16590}.Ad-Hoc|ARM.ActiveCfg = Release|Any CPU
		{DB7F1199-F8EB-491C-BD85-2123C3F16590}.Ad-Hoc|iPhone.ActiveCfg = Release|Any CPU
		{DB7F1199-F8EB-491C-BD85-2123C3F16590}.Ad-Hoc|iPhoneSimulator.ActiveCfg = Release|Any CPU
		{DB7F1199-F8EB-491C-BD85-2123C3F16590}.Ad-Hoc|Mixed Platforms.ActiveCfg = Release|Any CPU
		{DB7F1199-F8EB-491C-BD85-2123C3F16590}.Ad-Hoc|Mixed Platforms.Build.0 = Release|Any CPU
		{DB7F1199-F8EB-491C-BD85-2123C3F16590}.Ad-Hoc|x86.ActiveCfg = Release|Any CPU
		{DB7F1199-F8EB-491C-BD85-2123C3F16590}.AppStore|Any CPU.ActiveCfg = Release|Any CPU
		{DB7F1199-F8EB-491C-BD85-2123C3F16590}.AppStore|Any CPU.Build.0 = Release|Any CPU
		{DB7F1199-F8EB-491C-BD85-2123C3F16590}.AppStore|ARM.ActiveCfg = Release|Any CPU
		{DB7F1199-F8EB-491C-BD85-2123C3F16590}.AppStore|iPhone.ActiveCfg = Release|Any CPU
		{DB7F1199-F8EB-491C-BD85-2123C3F16590}.AppStore|iPhoneSimulator.ActiveCfg = Release|Any CPU
		{DB7F1199-F8EB-491C-BD85-2123C3F16590}.AppStore|Mixed Platforms.ActiveCfg = Release|Any CPU
		{DB7F1199-F8EB-491C-BD85-2123C3F16590}.AppStore|Mixed Platforms.Build.0 = Release|Any CPU
		{DB7F1199-F8EB-491C-BD85-2123C3F16590}.AppStore|x86.ActiveCfg = Release|Any CPU
		{DB7F1199-F8EB-491C-BD85-2123C3F16590}.Debug|Any CPU.ActiveCfg = Debug|Any CPU
		{DB7F1199-F8EB-491C-BD85-2123C3F16590}.Debug|Any CPU.Build.0 = Debug|Any CPU
		{DB7F1199-F8EB-491C-BD85-2123C3F16590}.Debug|ARM.ActiveCfg = Debug|Any CPU
		{DB7F1199-F8EB-491C-BD85-2123C3F16590}.Debug|iPhone.ActiveCfg = Debug|Any CPU
		{DB7F1199-F8EB-491C-BD85-2123C3F16590}.Debug|iPhoneSimulator.ActiveCfg = Debug|Any CPU
		{DB7F1199-F8EB-491C-BD85-2123C3F16590}.Debug|Mixed Platforms.ActiveCfg = Debug|Any CPU
		{DB7F1199-F8EB-491C-BD85-2123C3F16590}.Debug|Mixed Platforms.Build.0 = Debug|Any CPU
		{DB7F1199-F8EB-491C-BD85-2123C3F16590}.Debug|x86.ActiveCfg = Debug|Any CPU
		{DB7F1199-F8EB-491C-BD85-2123C3F16590}.Release|Any CPU.ActiveCfg = Release|Any CPU
		{DB7F1199-F8EB-491C-BD85-2123C3F16590}.Release|Any CPU.Build.0 = Release|Any CPU
		{DB7F1199-F8EB-491C-BD85-2123C3F16590}.Release|ARM.ActiveCfg = Release|Any CPU
		{DB7F1199-F8EB-491C-BD85-2123C3F16590}.Release|iPhone.ActiveCfg = Release|Any CPU
		{DB7F1199-F8EB-491C-BD85-2123C3F16590}.Release|iPhoneSimulator.ActiveCfg = Release|Any CPU
		{DB7F1199-F8EB-491C-BD85-2123C3F16590}.Release|Mixed Platforms.ActiveCfg = Release|Any CPU
		{DB7F1199-F8EB-491C-BD85-2123C3F16590}.Release|Mixed Platforms.Build.0 = Release|Any CPU
		{DB7F1199-F8EB-491C-BD85-2123C3F16590}.Release|x86.ActiveCfg = Release|Any CPU
		{13CB3A67-2268-4763-B260-5E00A7D6334E}.Ad-Hoc|Any CPU.ActiveCfg = Release|Any CPU
		{13CB3A67-2268-4763-B260-5E00A7D6334E}.Ad-Hoc|Any CPU.Build.0 = Release|Any CPU
		{13CB3A67-2268-4763-B260-5E00A7D6334E}.Ad-Hoc|ARM.ActiveCfg = Release|Any CPU
		{13CB3A67-2268-4763-B260-5E00A7D6334E}.Ad-Hoc|iPhone.ActiveCfg = Release|Any CPU
		{13CB3A67-2268-4763-B260-5E00A7D6334E}.Ad-Hoc|iPhoneSimulator.ActiveCfg = Release|Any CPU
		{13CB3A67-2268-4763-B260-5E00A7D6334E}.Ad-Hoc|Mixed Platforms.ActiveCfg = Release|Any CPU
		{13CB3A67-2268-4763-B260-5E00A7D6334E}.Ad-Hoc|Mixed Platforms.Build.0 = Release|Any CPU
		{13CB3A67-2268-4763-B260-5E00A7D6334E}.Ad-Hoc|x86.ActiveCfg = Release|Any CPU
		{13CB3A67-2268-4763-B260-5E00A7D6334E}.AppStore|Any CPU.ActiveCfg = Release|Any CPU
		{13CB3A67-2268-4763-B260-5E00A7D6334E}.AppStore|Any CPU.Build.0 = Release|Any CPU
		{13CB3A67-2268-4763-B260-5E00A7D6334E}.AppStore|ARM.ActiveCfg = Release|Any CPU
		{13CB3A67-2268-4763-B260-5E00A7D6334E}.AppStore|iPhone.ActiveCfg = Release|Any CPU
		{13CB3A67-2268-4763-B260-5E00A7D6334E}.AppStore|iPhoneSimulator.ActiveCfg = Release|Any CPU
		{13CB3A67-2268-4763-B260-5E00A7D6334E}.AppStore|Mixed Platforms.ActiveCfg = Release|Any CPU
		{13CB3A67-2268-4763-B260-5E00A7D6334E}.AppStore|Mixed Platforms.Build.0 = Release|Any CPU
		{13CB3A67-2268-4763-B260-5E00A7D6334E}.AppStore|x86.ActiveCfg = Release|Any CPU
		{13CB3A67-2268-4763-B260-5E00A7D6334E}.Debug|Any CPU.ActiveCfg = Debug|Any CPU
		{13CB3A67-2268-4763-B260-5E00A7D6334E}.Debug|Any CPU.Build.0 = Debug|Any CPU
		{13CB3A67-2268-4763-B260-5E00A7D6334E}.Debug|ARM.ActiveCfg = Debug|Any CPU
		{13CB3A67-2268-4763-B260-5E00A7D6334E}.Debug|iPhone.ActiveCfg = Debug|Any CPU
		{13CB3A67-2268-4763-B260-5E00A7D6334E}.Debug|iPhoneSimulator.ActiveCfg = Debug|Any CPU
		{13CB3A67-2268-4763-B260-5E00A7D6334E}.Debug|Mixed Platforms.ActiveCfg = Debug|Any CPU
		{13CB3A67-2268-4763-B260-5E00A7D6334E}.Debug|Mixed Platforms.Build.0 = Debug|Any CPU
		{13CB3A67-2268-4763-B260-5E00A7D6334E}.Debug|x86.ActiveCfg = Debug|Any CPU
		{13CB3A67-2268-4763-B260-5E00A7D6334E}.Release|Any CPU.ActiveCfg = Release|Any CPU
		{13CB3A67-2268-4763-B260-5E00A7D6334E}.Release|Any CPU.Build.0 = Release|Any CPU
		{13CB3A67-2268-4763-B260-5E00A7D6334E}.Release|ARM.ActiveCfg = Release|Any CPU
		{13CB3A67-2268-4763-B260-5E00A7D6334E}.Release|iPhone.ActiveCfg = Release|Any CPU
		{13CB3A67-2268-4763-B260-5E00A7D6334E}.Release|iPhoneSimulator.ActiveCfg = Release|Any CPU
		{13CB3A67-2268-4763-B260-5E00A7D6334E}.Release|Mixed Platforms.ActiveCfg = Release|Any CPU
		{13CB3A67-2268-4763-B260-5E00A7D6334E}.Release|Mixed Platforms.Build.0 = Release|Any CPU
		{13CB3A67-2268-4763-B260-5E00A7D6334E}.Release|x86.ActiveCfg = Release|Any CPU
		{A2E19BE2-974C-450A-88AB-461B5910A472}.Ad-Hoc|Any CPU.ActiveCfg = Release|Any CPU
		{A2E19BE2-974C-450A-88AB-461B5910A472}.Ad-Hoc|Any CPU.Build.0 = Release|Any CPU
		{A2E19BE2-974C-450A-88AB-461B5910A472}.Ad-Hoc|ARM.ActiveCfg = Release|Any CPU
		{A2E19BE2-974C-450A-88AB-461B5910A472}.Ad-Hoc|iPhone.ActiveCfg = Release|Any CPU
		{A2E19BE2-974C-450A-88AB-461B5910A472}.Ad-Hoc|iPhoneSimulator.ActiveCfg = Release|Any CPU
		{A2E19BE2-974C-450A-88AB-461B5910A472}.Ad-Hoc|Mixed Platforms.ActiveCfg = Release|Any CPU
		{A2E19BE2-974C-450A-88AB-461B5910A472}.Ad-Hoc|Mixed Platforms.Build.0 = Release|Any CPU
		{A2E19BE2-974C-450A-88AB-461B5910A472}.Ad-Hoc|x86.ActiveCfg = Release|Any CPU
		{A2E19BE2-974C-450A-88AB-461B5910A472}.AppStore|Any CPU.ActiveCfg = Release|Any CPU
		{A2E19BE2-974C-450A-88AB-461B5910A472}.AppStore|Any CPU.Build.0 = Release|Any CPU
		{A2E19BE2-974C-450A-88AB-461B5910A472}.AppStore|ARM.ActiveCfg = Release|Any CPU
		{A2E19BE2-974C-450A-88AB-461B5910A472}.AppStore|iPhone.ActiveCfg = Release|Any CPU
		{A2E19BE2-974C-450A-88AB-461B5910A472}.AppStore|iPhoneSimulator.ActiveCfg = Release|Any CPU
		{A2E19BE2-974C-450A-88AB-461B5910A472}.AppStore|Mixed Platforms.ActiveCfg = Release|Any CPU
		{A2E19BE2-974C-450A-88AB-461B5910A472}.AppStore|Mixed Platforms.Build.0 = Release|Any CPU
		{A2E19BE2-974C-450A-88AB-461B5910A472}.AppStore|x86.ActiveCfg = Release|Any CPU
		{A2E19BE2-974C-450A-88AB-461B5910A472}.Debug|Any CPU.ActiveCfg = Debug|Any CPU
		{A2E19BE2-974C-450A-88AB-461B5910A472}.Debug|Any CPU.Build.0 = Debug|Any CPU
		{A2E19BE2-974C-450A-88AB-461B5910A472}.Debug|ARM.ActiveCfg = Debug|Any CPU
		{A2E19BE2-974C-450A-88AB-461B5910A472}.Debug|iPhone.ActiveCfg = Debug|Any CPU
		{A2E19BE2-974C-450A-88AB-461B5910A472}.Debug|iPhoneSimulator.ActiveCfg = Debug|Any CPU
		{A2E19BE2-974C-450A-88AB-461B5910A472}.Debug|Mixed Platforms.ActiveCfg = Debug|Any CPU
		{A2E19BE2-974C-450A-88AB-461B5910A472}.Debug|Mixed Platforms.Build.0 = Debug|Any CPU
		{A2E19BE2-974C-450A-88AB-461B5910A472}.Debug|x86.ActiveCfg = Debug|Any CPU
		{A2E19BE2-974C-450A-88AB-461B5910A472}.Release|Any CPU.ActiveCfg = Release|Any CPU
		{A2E19BE2-974C-450A-88AB-461B5910A472}.Release|Any CPU.Build.0 = Release|Any CPU
		{A2E19BE2-974C-450A-88AB-461B5910A472}.Release|ARM.ActiveCfg = Release|Any CPU
		{A2E19BE2-974C-450A-88AB-461B5910A472}.Release|iPhone.ActiveCfg = Release|Any CPU
		{A2E19BE2-974C-450A-88AB-461B5910A472}.Release|iPhoneSimulator.ActiveCfg = Release|Any CPU
		{A2E19BE2-974C-450A-88AB-461B5910A472}.Release|Mixed Platforms.ActiveCfg = Release|Any CPU
		{A2E19BE2-974C-450A-88AB-461B5910A472}.Release|Mixed Platforms.Build.0 = Release|Any CPU
		{A2E19BE2-974C-450A-88AB-461B5910A472}.Release|x86.ActiveCfg = Release|Any CPU
		{9614AE57-E3FC-4EF2-8D7B-6BBD58407D2C}.Ad-Hoc|Any CPU.ActiveCfg = Release|Any CPU
		{9614AE57-E3FC-4EF2-8D7B-6BBD58407D2C}.Ad-Hoc|Any CPU.Build.0 = Release|Any CPU
		{9614AE57-E3FC-4EF2-8D7B-6BBD58407D2C}.Ad-Hoc|ARM.ActiveCfg = Release|Any CPU
		{9614AE57-E3FC-4EF2-8D7B-6BBD58407D2C}.Ad-Hoc|iPhone.ActiveCfg = Release|Any CPU
		{9614AE57-E3FC-4EF2-8D7B-6BBD58407D2C}.Ad-Hoc|iPhoneSimulator.ActiveCfg = Release|Any CPU
		{9614AE57-E3FC-4EF2-8D7B-6BBD58407D2C}.Ad-Hoc|Mixed Platforms.ActiveCfg = Release|Any CPU
		{9614AE57-E3FC-4EF2-8D7B-6BBD58407D2C}.Ad-Hoc|Mixed Platforms.Build.0 = Release|Any CPU
		{9614AE57-E3FC-4EF2-8D7B-6BBD58407D2C}.Ad-Hoc|x86.ActiveCfg = Release|Any CPU
		{9614AE57-E3FC-4EF2-8D7B-6BBD58407D2C}.AppStore|Any CPU.ActiveCfg = Release|Any CPU
		{9614AE57-E3FC-4EF2-8D7B-6BBD58407D2C}.AppStore|Any CPU.Build.0 = Release|Any CPU
		{9614AE57-E3FC-4EF2-8D7B-6BBD58407D2C}.AppStore|ARM.ActiveCfg = Release|Any CPU
		{9614AE57-E3FC-4EF2-8D7B-6BBD58407D2C}.AppStore|iPhone.ActiveCfg = Release|Any CPU
		{9614AE57-E3FC-4EF2-8D7B-6BBD58407D2C}.AppStore|iPhoneSimulator.ActiveCfg = Release|Any CPU
		{9614AE57-E3FC-4EF2-8D7B-6BBD58407D2C}.AppStore|Mixed Platforms.ActiveCfg = Release|Any CPU
		{9614AE57-E3FC-4EF2-8D7B-6BBD58407D2C}.AppStore|Mixed Platforms.Build.0 = Release|Any CPU
		{9614AE57-E3FC-4EF2-8D7B-6BBD58407D2C}.AppStore|x86.ActiveCfg = Release|Any CPU
		{9614AE57-E3FC-4EF2-8D7B-6BBD58407D2C}.Debug|Any CPU.ActiveCfg = Debug|Any CPU
		{9614AE57-E3FC-4EF2-8D7B-6BBD58407D2C}.Debug|Any CPU.Build.0 = Debug|Any CPU
		{9614AE57-E3FC-4EF2-8D7B-6BBD58407D2C}.Debug|ARM.ActiveCfg = Debug|Any CPU
		{9614AE57-E3FC-4EF2-8D7B-6BBD58407D2C}.Debug|iPhone.ActiveCfg = Debug|Any CPU
		{9614AE57-E3FC-4EF2-8D7B-6BBD58407D2C}.Debug|iPhoneSimulator.ActiveCfg = Debug|Any CPU
		{9614AE57-E3FC-4EF2-8D7B-6BBD58407D2C}.Debug|Mixed Platforms.ActiveCfg = Debug|Any CPU
		{9614AE57-E3FC-4EF2-8D7B-6BBD58407D2C}.Debug|Mixed Platforms.Build.0 = Debug|Any CPU
		{9614AE57-E3FC-4EF2-8D7B-6BBD58407D2C}.Debug|x86.ActiveCfg = Debug|Any CPU
		{9614AE57-E3FC-4EF2-8D7B-6BBD58407D2C}.Release|Any CPU.ActiveCfg = Release|Any CPU
		{9614AE57-E3FC-4EF2-8D7B-6BBD58407D2C}.Release|Any CPU.Build.0 = Release|Any CPU
		{9614AE57-E3FC-4EF2-8D7B-6BBD58407D2C}.Release|ARM.ActiveCfg = Release|Any CPU
		{9614AE57-E3FC-4EF2-8D7B-6BBD58407D2C}.Release|iPhone.ActiveCfg = Release|Any CPU
		{9614AE57-E3FC-4EF2-8D7B-6BBD58407D2C}.Release|iPhoneSimulator.ActiveCfg = Release|Any CPU
		{9614AE57-E3FC-4EF2-8D7B-6BBD58407D2C}.Release|Mixed Platforms.ActiveCfg = Release|Any CPU
		{9614AE57-E3FC-4EF2-8D7B-6BBD58407D2C}.Release|Mixed Platforms.Build.0 = Release|Any CPU
		{9614AE57-E3FC-4EF2-8D7B-6BBD58407D2C}.Release|x86.ActiveCfg = Release|Any CPU
		{FA429D93-8494-40A1-B585-C287779E4C8C}.Ad-Hoc|Any CPU.ActiveCfg = Release|Any CPU
		{FA429D93-8494-40A1-B585-C287779E4C8C}.Ad-Hoc|Any CPU.Build.0 = Release|Any CPU
		{FA429D93-8494-40A1-B585-C287779E4C8C}.Ad-Hoc|ARM.ActiveCfg = Release|Any CPU
		{FA429D93-8494-40A1-B585-C287779E4C8C}.Ad-Hoc|iPhone.ActiveCfg = Release|Any CPU
		{FA429D93-8494-40A1-B585-C287779E4C8C}.Ad-Hoc|iPhoneSimulator.ActiveCfg = Release|Any CPU
		{FA429D93-8494-40A1-B585-C287779E4C8C}.Ad-Hoc|Mixed Platforms.ActiveCfg = Release|Any CPU
		{FA429D93-8494-40A1-B585-C287779E4C8C}.Ad-Hoc|Mixed Platforms.Build.0 = Release|Any CPU
		{FA429D93-8494-40A1-B585-C287779E4C8C}.Ad-Hoc|x86.ActiveCfg = Release|Any CPU
		{FA429D93-8494-40A1-B585-C287779E4C8C}.AppStore|Any CPU.ActiveCfg = Release|Any CPU
		{FA429D93-8494-40A1-B585-C287779E4C8C}.AppStore|Any CPU.Build.0 = Release|Any CPU
		{FA429D93-8494-40A1-B585-C287779E4C8C}.AppStore|ARM.ActiveCfg = Release|Any CPU
		{FA429D93-8494-40A1-B585-C287779E4C8C}.AppStore|iPhone.ActiveCfg = Release|Any CPU
		{FA429D93-8494-40A1-B585-C287779E4C8C}.AppStore|iPhoneSimulator.ActiveCfg = Release|Any CPU
		{FA429D93-8494-40A1-B585-C287779E4C8C}.AppStore|Mixed Platforms.ActiveCfg = Release|Any CPU
		{FA429D93-8494-40A1-B585-C287779E4C8C}.AppStore|Mixed Platforms.Build.0 = Release|Any CPU
		{FA429D93-8494-40A1-B585-C287779E4C8C}.AppStore|x86.ActiveCfg = Release|Any CPU
		{FA429D93-8494-40A1-B585-C287779E4C8C}.Debug|Any CPU.ActiveCfg = Debug|Any CPU
		{FA429D93-8494-40A1-B585-C287779E4C8C}.Debug|Any CPU.Build.0 = Debug|Any CPU
		{FA429D93-8494-40A1-B585-C287779E4C8C}.Debug|ARM.ActiveCfg = Debug|Any CPU
		{FA429D93-8494-40A1-B585-C287779E4C8C}.Debug|iPhone.ActiveCfg = Debug|Any CPU
		{FA429D93-8494-40A1-B585-C287779E4C8C}.Debug|iPhoneSimulator.ActiveCfg = Debug|Any CPU
		{FA429D93-8494-40A1-B585-C287779E4C8C}.Debug|Mixed Platforms.ActiveCfg = Debug|Any CPU
		{FA429D93-8494-40A1-B585-C287779E4C8C}.Debug|Mixed Platforms.Build.0 = Debug|Any CPU
		{FA429D93-8494-40A1-B585-C287779E4C8C}.Debug|x86.ActiveCfg = Debug|Any CPU
		{FA429D93-8494-40A1-B585-C287779E4C8C}.Release|Any CPU.ActiveCfg = Release|Any CPU
		{FA429D93-8494-40A1-B585-C287779E4C8C}.Release|Any CPU.Build.0 = Release|Any CPU
		{FA429D93-8494-40A1-B585-C287779E4C8C}.Release|ARM.ActiveCfg = Release|Any CPU
		{FA429D93-8494-40A1-B585-C287779E4C8C}.Release|iPhone.ActiveCfg = Release|Any CPU
		{FA429D93-8494-40A1-B585-C287779E4C8C}.Release|iPhoneSimulator.ActiveCfg = Release|Any CPU
		{FA429D93-8494-40A1-B585-C287779E4C8C}.Release|Mixed Platforms.ActiveCfg = Release|Any CPU
		{FA429D93-8494-40A1-B585-C287779E4C8C}.Release|Mixed Platforms.Build.0 = Release|Any CPU
		{FA429D93-8494-40A1-B585-C287779E4C8C}.Release|x86.ActiveCfg = Release|Any CPU
		{BEE93C2A-32DE-4B86-A026-A7E31248E0AD}.Ad-Hoc|Any CPU.ActiveCfg = Release|Any CPU
		{BEE93C2A-32DE-4B86-A026-A7E31248E0AD}.Ad-Hoc|Any CPU.Build.0 = Release|Any CPU
		{BEE93C2A-32DE-4B86-A026-A7E31248E0AD}.Ad-Hoc|ARM.ActiveCfg = Release|Any CPU
		{BEE93C2A-32DE-4B86-A026-A7E31248E0AD}.Ad-Hoc|iPhone.ActiveCfg = Release|Any CPU
		{BEE93C2A-32DE-4B86-A026-A7E31248E0AD}.Ad-Hoc|iPhoneSimulator.ActiveCfg = Release|Any CPU
		{BEE93C2A-32DE-4B86-A026-A7E31248E0AD}.Ad-Hoc|Mixed Platforms.ActiveCfg = Release|Any CPU
		{BEE93C2A-32DE-4B86-A026-A7E31248E0AD}.Ad-Hoc|Mixed Platforms.Build.0 = Release|Any CPU
		{BEE93C2A-32DE-4B86-A026-A7E31248E0AD}.Ad-Hoc|x86.ActiveCfg = Release|Any CPU
		{BEE93C2A-32DE-4B86-A026-A7E31248E0AD}.AppStore|Any CPU.ActiveCfg = Release|Any CPU
		{BEE93C2A-32DE-4B86-A026-A7E31248E0AD}.AppStore|Any CPU.Build.0 = Release|Any CPU
		{BEE93C2A-32DE-4B86-A026-A7E31248E0AD}.AppStore|ARM.ActiveCfg = Release|Any CPU
		{BEE93C2A-32DE-4B86-A026-A7E31248E0AD}.AppStore|iPhone.ActiveCfg = Release|Any CPU
		{BEE93C2A-32DE-4B86-A026-A7E31248E0AD}.AppStore|iPhoneSimulator.ActiveCfg = Release|Any CPU
		{BEE93C2A-32DE-4B86-A026-A7E31248E0AD}.AppStore|Mixed Platforms.ActiveCfg = Release|Any CPU
		{BEE93C2A-32DE-4B86-A026-A7E31248E0AD}.AppStore|Mixed Platforms.Build.0 = Release|Any CPU
		{BEE93C2A-32DE-4B86-A026-A7E31248E0AD}.AppStore|x86.ActiveCfg = Release|Any CPU
		{BEE93C2A-32DE-4B86-A026-A7E31248E0AD}.Debug|Any CPU.ActiveCfg = Debug|Any CPU
		{BEE93C2A-32DE-4B86-A026-A7E31248E0AD}.Debug|Any CPU.Build.0 = Debug|Any CPU
		{BEE93C2A-32DE-4B86-A026-A7E31248E0AD}.Debug|ARM.ActiveCfg = Debug|Any CPU
		{BEE93C2A-32DE-4B86-A026-A7E31248E0AD}.Debug|iPhone.ActiveCfg = Debug|Any CPU
		{BEE93C2A-32DE-4B86-A026-A7E31248E0AD}.Debug|iPhoneSimulator.ActiveCfg = Debug|Any CPU
		{BEE93C2A-32DE-4B86-A026-A7E31248E0AD}.Debug|Mixed Platforms.ActiveCfg = Debug|Any CPU
		{BEE93C2A-32DE-4B86-A026-A7E31248E0AD}.Debug|Mixed Platforms.Build.0 = Debug|Any CPU
		{BEE93C2A-32DE-4B86-A026-A7E31248E0AD}.Debug|x86.ActiveCfg = Debug|Any CPU
		{BEE93C2A-32DE-4B86-A026-A7E31248E0AD}.Release|Any CPU.ActiveCfg = Release|Any CPU
		{BEE93C2A-32DE-4B86-A026-A7E31248E0AD}.Release|Any CPU.Build.0 = Release|Any CPU
		{BEE93C2A-32DE-4B86-A026-A7E31248E0AD}.Release|ARM.ActiveCfg = Release|Any CPU
		{BEE93C2A-32DE-4B86-A026-A7E31248E0AD}.Release|iPhone.ActiveCfg = Release|Any CPU
		{BEE93C2A-32DE-4B86-A026-A7E31248E0AD}.Release|iPhoneSimulator.ActiveCfg = Release|Any CPU
		{BEE93C2A-32DE-4B86-A026-A7E31248E0AD}.Release|Mixed Platforms.ActiveCfg = Release|Any CPU
		{BEE93C2A-32DE-4B86-A026-A7E31248E0AD}.Release|Mixed Platforms.Build.0 = Release|Any CPU
		{BEE93C2A-32DE-4B86-A026-A7E31248E0AD}.Release|x86.ActiveCfg = Release|Any CPU
		{064A73E2-B032-4639-A1FF-87A72DC0711A}.Ad-Hoc|Any CPU.ActiveCfg = Release|Any CPU
		{064A73E2-B032-4639-A1FF-87A72DC0711A}.Ad-Hoc|Any CPU.Build.0 = Release|Any CPU
		{064A73E2-B032-4639-A1FF-87A72DC0711A}.Ad-Hoc|ARM.ActiveCfg = Release|Any CPU
		{064A73E2-B032-4639-A1FF-87A72DC0711A}.Ad-Hoc|iPhone.ActiveCfg = Release|Any CPU
		{064A73E2-B032-4639-A1FF-87A72DC0711A}.Ad-Hoc|iPhoneSimulator.ActiveCfg = Release|Any CPU
		{064A73E2-B032-4639-A1FF-87A72DC0711A}.Ad-Hoc|Mixed Platforms.ActiveCfg = Release|Any CPU
		{064A73E2-B032-4639-A1FF-87A72DC0711A}.Ad-Hoc|Mixed Platforms.Build.0 = Release|Any CPU
		{064A73E2-B032-4639-A1FF-87A72DC0711A}.Ad-Hoc|x86.ActiveCfg = Release|Any CPU
		{064A73E2-B032-4639-A1FF-87A72DC0711A}.AppStore|Any CPU.ActiveCfg = Release|Any CPU
		{064A73E2-B032-4639-A1FF-87A72DC0711A}.AppStore|Any CPU.Build.0 = Release|Any CPU
		{064A73E2-B032-4639-A1FF-87A72DC0711A}.AppStore|ARM.ActiveCfg = Release|Any CPU
		{064A73E2-B032-4639-A1FF-87A72DC0711A}.AppStore|iPhone.ActiveCfg = Release|Any CPU
		{064A73E2-B032-4639-A1FF-87A72DC0711A}.AppStore|iPhoneSimulator.ActiveCfg = Release|Any CPU
		{064A73E2-B032-4639-A1FF-87A72DC0711A}.AppStore|Mixed Platforms.ActiveCfg = Release|Any CPU
		{064A73E2-B032-4639-A1FF-87A72DC0711A}.AppStore|Mixed Platforms.Build.0 = Release|Any CPU
		{064A73E2-B032-4639-A1FF-87A72DC0711A}.AppStore|x86.ActiveCfg = Release|Any CPU
		{064A73E2-B032-4639-A1FF-87A72DC0711A}.Debug|Any CPU.ActiveCfg = Debug|Any CPU
		{064A73E2-B032-4639-A1FF-87A72DC0711A}.Debug|Any CPU.Build.0 = Debug|Any CPU
		{064A73E2-B032-4639-A1FF-87A72DC0711A}.Debug|ARM.ActiveCfg = Debug|Any CPU
		{064A73E2-B032-4639-A1FF-87A72DC0711A}.Debug|iPhone.ActiveCfg = Debug|Any CPU
		{064A73E2-B032-4639-A1FF-87A72DC0711A}.Debug|iPhoneSimulator.ActiveCfg = Debug|Any CPU
		{064A73E2-B032-4639-A1FF-87A72DC0711A}.Debug|Mixed Platforms.ActiveCfg = Debug|Any CPU
		{064A73E2-B032-4639-A1FF-87A72DC0711A}.Debug|Mixed Platforms.Build.0 = Debug|Any CPU
		{064A73E2-B032-4639-A1FF-87A72DC0711A}.Debug|x86.ActiveCfg = Debug|Any CPU
		{064A73E2-B032-4639-A1FF-87A72DC0711A}.Release|Any CPU.ActiveCfg = Release|Any CPU
		{064A73E2-B032-4639-A1FF-87A72DC0711A}.Release|Any CPU.Build.0 = Release|Any CPU
		{064A73E2-B032-4639-A1FF-87A72DC0711A}.Release|ARM.ActiveCfg = Release|Any CPU
		{064A73E2-B032-4639-A1FF-87A72DC0711A}.Release|iPhone.ActiveCfg = Release|Any CPU
		{064A73E2-B032-4639-A1FF-87A72DC0711A}.Release|iPhoneSimulator.ActiveCfg = Release|Any CPU
		{064A73E2-B032-4639-A1FF-87A72DC0711A}.Release|Mixed Platforms.ActiveCfg = Release|Any CPU
		{064A73E2-B032-4639-A1FF-87A72DC0711A}.Release|Mixed Platforms.Build.0 = Release|Any CPU
		{064A73E2-B032-4639-A1FF-87A72DC0711A}.Release|x86.ActiveCfg = Release|Any CPU
	EndGlobalSection
	GlobalSection(SolutionProperties) = preSolution
		HideSolutionNode = FALSE
	EndGlobalSection
	GlobalSection(NestedProjects) = preSolution
		{60FF7A97-E12C-47FF-934D-870A72403D6A} = {5D18C26C-9B69-43A9-8F37-0FDF2898F9EB}
		{7DC16CC2-2408-4EAC-B8A9-D6476AF3F22F} = {5D18C26C-9B69-43A9-8F37-0FDF2898F9EB}
		{38083BD6-F85A-4BE2-AD2A-70BF868BF175} = {5D18C26C-9B69-43A9-8F37-0FDF2898F9EB}
		{17314BF6-827C-40FB-B517-223E91A2A5EA} = {D79CB2AC-8C9D-4932-807D-589519125A44}
		{56EE176C-7B1A-406E-90B9-275197DC97C0} = {17314BF6-827C-40FB-B517-223E91A2A5EA}
		{1F16AA4E-4952-4055-967B-13C6E0C3EEE9} = {1003C3FC-BC82-4233-B9DD-82F5E2480497}
		{8953B930-2C6A-4630-AD32-35FCBE4E5532} = {17314BF6-827C-40FB-B517-223E91A2A5EA}
		{1DDA01FC-9738-466F-B296-839B9095DF57} = {1003C3FC-BC82-4233-B9DD-82F5E2480497}
		{17D5AACC-EFF0-4D9B-83F4-1814331C76BB} = {17314BF6-827C-40FB-B517-223E91A2A5EA}
		{2B875FB9-DE2D-41D2-8C0E-A95D02A5116E} = {17314BF6-827C-40FB-B517-223E91A2A5EA}
		{47A975AE-726E-4EE6-A39F-002CB0BC4896} = {1003C3FC-BC82-4233-B9DD-82F5E2480497}
		{14D4F2C9-7383-425B-A729-2475FD5CECB1} = {D79CB2AC-8C9D-4932-807D-589519125A44}
		{FF1AD5E2-07D2-4A3E-8ED5-45C9F445B80A} = {D79CB2AC-8C9D-4932-807D-589519125A44}
		{922566F5-9ACC-4968-8FDB-BA131CEDB324} = {14D4F2C9-7383-425B-A729-2475FD5CECB1}
		{89A30C9D-AF8C-4352-8E78-42FF556696A8} = {FF1AD5E2-07D2-4A3E-8ED5-45C9F445B80A}
		{25FD1ADD-BA45-4957-AB80-A1208D76FDE3} = {D79CB2AC-8C9D-4932-807D-589519125A44}
		{EB059A15-32E9-49B4-8C57-B7E56115EC98} = {25FD1ADD-BA45-4957-AB80-A1208D76FDE3}
		{E18CD5B5-0D7A-43E1-8008-128ADD701E5F} = {25FD1ADD-BA45-4957-AB80-A1208D76FDE3}
		{90E6B4A3-714F-4104-B1FE-9A8160E030E3} = {25FD1ADD-BA45-4957-AB80-A1208D76FDE3}
		{DB7F1199-F8EB-491C-BD85-2123C3F16590} = {25FD1ADD-BA45-4957-AB80-A1208D76FDE3}
		{13CB3A67-2268-4763-B260-5E00A7D6334E} = {14D4F2C9-7383-425B-A729-2475FD5CECB1}
		{A2E19BE2-974C-450A-88AB-461B5910A472} = {14D4F2C9-7383-425B-A729-2475FD5CECB1}
		{9614AE57-E3FC-4EF2-8D7B-6BBD58407D2C} = {14D4F2C9-7383-425B-A729-2475FD5CECB1}
		{FA429D93-8494-40A1-B585-C287779E4C8C} = {FF1AD5E2-07D2-4A3E-8ED5-45C9F445B80A}
		{BEE93C2A-32DE-4B86-A026-A7E31248E0AD} = {FF1AD5E2-07D2-4A3E-8ED5-45C9F445B80A}
		{064A73E2-B032-4639-A1FF-87A72DC0711A} = {FF1AD5E2-07D2-4A3E-8ED5-45C9F445B80A}
	EndGlobalSection
EndGlobal
